// !$*UTF8*$!
{
	archiveVersion = 1;
	classes = {
	};
	objectVersion = 46;
	objects = {

/* Begin PBXBuildFile section */
		2ED924D8D765D728019195CF /* Pods_MiniChallenge.framework in Frameworks */ = {isa = PBXBuildFile; fileRef = 6C498348AD84F70C50CB6803 /* Pods_MiniChallenge.framework */; };
		6E15E5151EA6B8130027AAFD /* AppDelegate.swift in Sources */ = {isa = PBXBuildFile; fileRef = 6E15E5141EA6B8130027AAFD /* AppDelegate.swift */; };
		6E15E51D1EA6B8130027AAFD /* MiniChallenge.xcdatamodeld in Sources */ = {isa = PBXBuildFile; fileRef = 6E15E51B1EA6B8130027AAFD /* MiniChallenge.xcdatamodeld */; };
		6E15E52A1EA6B9B30027AAFD /* Subject.swift in Sources */ = {isa = PBXBuildFile; fileRef = 6E15E5291EA6B9B30027AAFD /* Subject.swift */; };
		6E15E52C1EA6CB9D0027AAFD /* Note.swift in Sources */ = {isa = PBXBuildFile; fileRef = 6E15E52B1EA6CB9D0027AAFD /* Note.swift */; };
		6E15E52F1EA6CC8E0027AAFD /* Teacher.swift in Sources */ = {isa = PBXBuildFile; fileRef = 6E15E52E1EA6CC8E0027AAFD /* Teacher.swift */; };
		6E1E4BD31EE03A0100C65683 /* CreateGeolocalizatedNotification.storyboard in Resources */ = {isa = PBXBuildFile; fileRef = 6E1E4BBC1EE03A0100C65683 /* CreateGeolocalizatedNotification.storyboard */; };
		6E1E4BD41EE03A0100C65683 /* CreateGeolocalizatedNotificationViewController.swift in Sources */ = {isa = PBXBuildFile; fileRef = 6E1E4BBD1EE03A0100C65683 /* CreateGeolocalizatedNotificationViewController.swift */; };
		6E1E4BD51EE03A0100C65683 /* CreateNote.storyboard in Resources */ = {isa = PBXBuildFile; fileRef = 6E1E4BBE1EE03A0100C65683 /* CreateNote.storyboard */; };
		6E1E4BD61EE03A0100C65683 /* CreateNoteContent.storyboard in Resources */ = {isa = PBXBuildFile; fileRef = 6E1E4BBF1EE03A0100C65683 /* CreateNoteContent.storyboard */; };
		6E1E4BD71EE03A0100C65683 /* CreateNoteContentViewController.swift in Sources */ = {isa = PBXBuildFile; fileRef = 6E1E4BC01EE03A0100C65683 /* CreateNoteContentViewController.swift */; };
		6E1E4BD81EE03A0100C65683 /* CreateNoteTitle.storyboard in Resources */ = {isa = PBXBuildFile; fileRef = 6E1E4BC11EE03A0100C65683 /* CreateNoteTitle.storyboard */; };
		6E1E4BD91EE03A0100C65683 /* CreateNoteTitleViewController.swift in Sources */ = {isa = PBXBuildFile; fileRef = 6E1E4BC21EE03A0100C65683 /* CreateNoteTitleViewController.swift */; };
		6E1E4BDA1EE03A0100C65683 /* EditGoal.storyboard in Resources */ = {isa = PBXBuildFile; fileRef = 6E1E4BC31EE03A0100C65683 /* EditGoal.storyboard */; };
		6E1E4BDB1EE03A0100C65683 /* EditGoalTableViewCell.swift in Sources */ = {isa = PBXBuildFile; fileRef = 6E1E4BC41EE03A0100C65683 /* EditGoalTableViewCell.swift */; };
		6E1E4BDE1EE03A0100C65683 /* EditGoalViewController.swift in Sources */ = {isa = PBXBuildFile; fileRef = 6E1E4BC71EE03A0100C65683 /* EditGoalViewController.swift */; };
		6E1E4BDF1EE03A0100C65683 /* EditSubject.storyboard in Resources */ = {isa = PBXBuildFile; fileRef = 6E1E4BC81EE03A0100C65683 /* EditSubject.storyboard */; };
		6E1E4BE11EE03A0100C65683 /* EditSubjectTableViewCell.swift in Sources */ = {isa = PBXBuildFile; fileRef = 6E1E4BCA1EE03A0100C65683 /* EditSubjectTableViewCell.swift */; };
		6E1E4BE61EE03A0100C65683 /* EditSubjectViewController.swift in Sources */ = {isa = PBXBuildFile; fileRef = 6E1E4BCF1EE03A0100C65683 /* EditSubjectViewController.swift */; };
		6E1E4BE71EE03A0100C65683 /* HomeNotes.storyboard in Resources */ = {isa = PBXBuildFile; fileRef = 6E1E4BD01EE03A0100C65683 /* HomeNotes.storyboard */; };
		6E1E4BE81EE03A0100C65683 /* HomeNotesTableViewCell.swift in Sources */ = {isa = PBXBuildFile; fileRef = 6E1E4BD11EE03A0100C65683 /* HomeNotesTableViewCell.swift */; };
		6E1E4BE91EE03A0100C65683 /* HomeNotesViewController.swift in Sources */ = {isa = PBXBuildFile; fileRef = 6E1E4BD21EE03A0100C65683 /* HomeNotesViewController.swift */; };
		6E1E4BF51EE03A0D00C65683 /* NoteCreated.storyboard in Resources */ = {isa = PBXBuildFile; fileRef = 6E1E4BEA1EE03A0D00C65683 /* NoteCreated.storyboard */; };
		6E1E4BF61EE03A0D00C65683 /* NoteCreatedViewController.swift in Sources */ = {isa = PBXBuildFile; fileRef = 6E1E4BEB1EE03A0D00C65683 /* NoteCreatedViewController.swift */; };
		6E1E4BF71EE03A0D00C65683 /* NoteService.swift in Sources */ = {isa = PBXBuildFile; fileRef = 6E1E4BEC1EE03A0D00C65683 /* NoteService.swift */; };
		6E1E4BF81EE03A0D00C65683 /* PresentNotes.storyboard in Resources */ = {isa = PBXBuildFile; fileRef = 6E1E4BED1EE03A0D00C65683 /* PresentNotes.storyboard */; };
		6E1E4BF91EE03A0D00C65683 /* PresentNotesViewController.swift in Sources */ = {isa = PBXBuildFile; fileRef = 6E1E4BEE1EE03A0D00C65683 /* PresentNotesViewController.swift */; };
		6E1E4BFA1EE03A0D00C65683 /* showNotes.storyboard in Resources */ = {isa = PBXBuildFile; fileRef = 6E1E4BEF1EE03A0D00C65683 /* showNotes.storyboard */; };
		6E1E4BFB1EE03A0D00C65683 /* ShowNotesTableViewCell.swift in Sources */ = {isa = PBXBuildFile; fileRef = 6E1E4BF01EE03A0D00C65683 /* ShowNotesTableViewCell.swift */; };
		6E1E4BFC1EE03A0D00C65683 /* ShowNotesViewController.swift in Sources */ = {isa = PBXBuildFile; fileRef = 6E1E4BF11EE03A0D00C65683 /* ShowNotesViewController.swift */; };
		6E1E4BFE1EE03A0D00C65683 /* SubjectFaults.storyboard in Resources */ = {isa = PBXBuildFile; fileRef = 6E1E4BF31EE03A0D00C65683 /* SubjectFaults.storyboard */; };
		6E1E4BFF1EE03A0D00C65683 /* SubjectFaultsViewController.swift in Sources */ = {isa = PBXBuildFile; fileRef = 6E1E4BF41EE03A0D00C65683 /* SubjectFaultsViewController.swift */; };
		6EB66EA71EB9174D00A16F1D /* DayActivityTableViewCell.swift in Sources */ = {isa = PBXBuildFile; fileRef = 6EB66EA51EB9174D00A16F1D /* DayActivityTableViewCell.swift */; };
		6EB66EA81EB9174D00A16F1D /* DayActivityTableViewCell.xib in Resources */ = {isa = PBXBuildFile; fileRef = 6EB66EA61EB9174D00A16F1D /* DayActivityTableViewCell.xib */; };
		ADD876B41EAF8A6600C45032 /* CreateNoteViewController.swift in Sources */ = {isa = PBXBuildFile; fileRef = ADD876B31EAF8A6600C45032 /* CreateNoteViewController.swift */; };
		BF762CB01ED47320004E423B /* CreateGoal.storyboard in Resources */ = {isa = PBXBuildFile; fileRef = BF762CA41ED47320004E423B /* CreateGoal.storyboard */; };
		BF762CB11ED47320004E423B /* CreateGoal.swift in Sources */ = {isa = PBXBuildFile; fileRef = BF762CA51ED47320004E423B /* CreateGoal.swift */; };
		BF762CB21ED47320004E423B /* EditActivity.storyboard in Resources */ = {isa = PBXBuildFile; fileRef = BF762CA61ED47320004E423B /* EditActivity.storyboard */; };
		BF762CB31ED47320004E423B /* EditActivityController.swift in Sources */ = {isa = PBXBuildFile; fileRef = BF762CA71ED47320004E423B /* EditActivityController.swift */; };
		BF762CB41ED47320004E423B /* GoalCellsTableViewCell.swift in Sources */ = {isa = PBXBuildFile; fileRef = BF762CA81ED47320004E423B /* GoalCellsTableViewCell.swift */; };
		BF762CB51ED47320004E423B /* GoalCreated.storyboard in Resources */ = {isa = PBXBuildFile; fileRef = BF762CA91ED47320004E423B /* GoalCreated.storyboard */; };
		BF762CB61ED47320004E423B /* GoalCreated.swift in Sources */ = {isa = PBXBuildFile; fileRef = BF762CAA1ED47320004E423B /* GoalCreated.swift */; };
		BF762CB71ED47320004E423B /* GoalOptions.storyboard in Resources */ = {isa = PBXBuildFile; fileRef = BF762CAB1ED47320004E423B /* GoalOptions.storyboard */; };
		BF762CB81ED47320004E423B /* GoalOptions.swift in Sources */ = {isa = PBXBuildFile; fileRef = BF762CAC1ED47320004E423B /* GoalOptions.swift */; };
		BF762CB91ED47320004E423B /* GoalService.swift in Sources */ = {isa = PBXBuildFile; fileRef = BF762CAD1ED47320004E423B /* GoalService.swift */; };
		BF762CBA1ED47320004E423B /* HomeGoal.storyboard in Resources */ = {isa = PBXBuildFile; fileRef = BF762CAE1ED47320004E423B /* HomeGoal.storyboard */; };
		BF762CBB1ED47320004E423B /* HomeGoal.swift in Sources */ = {isa = PBXBuildFile; fileRef = BF762CAF1ED47320004E423B /* HomeGoal.swift */; };
		BF762CC41ED47336004E423B /* MissedClasses.storyboard in Resources */ = {isa = PBXBuildFile; fileRef = BF762CBC1ED47335004E423B /* MissedClasses.storyboard */; };
		BF762CC51ED47336004E423B /* MissedClassViewController.swift in Sources */ = {isa = PBXBuildFile; fileRef = BF762CBD1ED47336004E423B /* MissedClassViewController.swift */; };
		BF762CC71ED47336004E423B /* SelectGoalDatetime.storyboard in Resources */ = {isa = PBXBuildFile; fileRef = BF762CBF1ED47336004E423B /* SelectGoalDatetime.storyboard */; };
		BF762CC81ED47336004E423B /* SelectGoalDatetime.swift in Sources */ = {isa = PBXBuildFile; fileRef = BF762CC01ED47336004E423B /* SelectGoalDatetime.swift */; };
		BF762CC91ED47336004E423B /* ShowSubjectsActivity.swift in Sources */ = {isa = PBXBuildFile; fileRef = BF762CC11ED47336004E423B /* ShowSubjectsActivity.swift */; };
		BF762CCA1ED47336004E423B /* SingletonPassedDate.swift in Sources */ = {isa = PBXBuildFile; fileRef = BF762CC21ED47336004E423B /* SingletonPassedDate.swift */; };
		BF762CCD1ED47532004E423B /* Assets.xcassets in Resources */ = {isa = PBXBuildFile; fileRef = BF762CCC1ED47532004E423B /* Assets.xcassets */; };
		BF762CD11ED47686004E423B /* ColorsCollectionViewCell.swift in Sources */ = {isa = PBXBuildFile; fileRef = BF762CCE1ED47686004E423B /* ColorsCollectionViewCell.swift */; };
		BF762CD21ED47686004E423B /* CreateTeacher.storyboard in Resources */ = {isa = PBXBuildFile; fileRef = BF762CCF1ED47686004E423B /* CreateTeacher.storyboard */; };
		BF762CD31ED47686004E423B /* CreateTeacherViewController.swift in Sources */ = {isa = PBXBuildFile; fileRef = BF762CD01ED47686004E423B /* CreateTeacherViewController.swift */; };
		BF762CDA1ED4769A004E423B /* SelectDate.storyboard in Resources */ = {isa = PBXBuildFile; fileRef = BF762CD41ED4769A004E423B /* SelectDate.storyboard */; };
		BF762CDB1ED4769A004E423B /* SelectGoalDateViewController.swift in Sources */ = {isa = PBXBuildFile; fileRef = BF762CD51ED4769A004E423B /* SelectGoalDateViewController.swift */; };
		BF762CDC1ED4769A004E423B /* SelectSubjectColor.storyboard in Resources */ = {isa = PBXBuildFile; fileRef = BF762CD61ED4769A004E423B /* SelectSubjectColor.storyboard */; };
		BF762CDD1ED4769A004E423B /* SelectSubjectColorViewController.swift in Sources */ = {isa = PBXBuildFile; fileRef = BF762CD71ED4769A004E423B /* SelectSubjectColorViewController.swift */; };
		BF762CDE1ED4769A004E423B /* SelectWhereToNotify.storyboard in Resources */ = {isa = PBXBuildFile; fileRef = BF762CD81ED4769A004E423B /* SelectWhereToNotify.storyboard */; };
		BF762CDF1ED4769A004E423B /* SelectWhereToNotifyViewController.swift in Sources */ = {isa = PBXBuildFile; fileRef = BF762CD91ED4769A004E423B /* SelectWhereToNotifyViewController.swift */; };
		BF77E51C1EC394A9007845B2 /* Calendar.storyboard in Resources */ = {isa = PBXBuildFile; fileRef = BF77E4CA1EC394A9007845B2 /* Calendar.storyboard */; };
		BF77E51D1EC394A9007845B2 /* CreateSubject.storyboard in Resources */ = {isa = PBXBuildFile; fileRef = BF77E4CB1EC394A9007845B2 /* CreateSubject.storyboard */; };
		BF77E51E1EC394A9007845B2 /* CreateSubject.swift in Sources */ = {isa = PBXBuildFile; fileRef = BF77E4CC1EC394A9007845B2 /* CreateSubject.swift */; };
		BF77E51F1EC394A9007845B2 /* Goal.storyboard in Resources */ = {isa = PBXBuildFile; fileRef = BF77E4CD1EC394A9007845B2 /* Goal.storyboard */; };
		BF77E5201EC394A9007845B2 /* HomeSubject.storyboard in Resources */ = {isa = PBXBuildFile; fileRef = BF77E4CE1EC394A9007845B2 /* HomeSubject.storyboard */; };
		BF77E5211EC394A9007845B2 /* HomeSubject.swift in Sources */ = {isa = PBXBuildFile; fileRef = BF77E4CF1EC394A9007845B2 /* HomeSubject.swift */; };
		BF77E5221EC394A9007845B2 /* Onboarding.storyboard in Resources */ = {isa = PBXBuildFile; fileRef = BF77E4D01EC394A9007845B2 /* Onboarding.storyboard */; };
		BF77E5231EC394A9007845B2 /* OnboardingViewController.swift in Sources */ = {isa = PBXBuildFile; fileRef = BF77E4D11EC394A9007845B2 /* OnboardingViewController.swift */; };
		BF77E5241EC394A9007845B2 /* Reminders.storyboard in Resources */ = {isa = PBXBuildFile; fileRef = BF77E4D21EC394A9007845B2 /* Reminders.storyboard */; };
		BF77E5251EC394A9007845B2 /* SingletonActivity.swift in Sources */ = {isa = PBXBuildFile; fileRef = BF77E4D31EC394A9007845B2 /* SingletonActivity.swift */; };
		BF77E5261EC394A9007845B2 /* SingletonSubject.swift in Sources */ = {isa = PBXBuildFile; fileRef = BF77E4D41EC394A9007845B2 /* SingletonSubject.swift */; };
		BF77E5281EC394A9007845B2 /* SubjectCreated.storyboard in Resources */ = {isa = PBXBuildFile; fileRef = BF77E4D61EC394A9007845B2 /* SubjectCreated.storyboard */; };
		BF77E5291EC394A9007845B2 /* SubjectCreated.swift in Sources */ = {isa = PBXBuildFile; fileRef = BF77E4D71EC394A9007845B2 /* SubjectCreated.swift */; };
		BF77E52A1EC394A9007845B2 /* SubjectTableViewCell.swift in Sources */ = {isa = PBXBuildFile; fileRef = BF77E4D81EC394A9007845B2 /* SubjectTableViewCell.swift */; };
		BF77E52D1EC394A9007845B2 /* AddTitleController.swift in Sources */ = {isa = PBXBuildFile; fileRef = BF77E4DB1EC394A9007845B2 /* AddTitleController.swift */; };
		BF77E52E1EC394A9007845B2 /* CalendarViewController.swift in Sources */ = {isa = PBXBuildFile; fileRef = BF77E4DC1EC394A9007845B2 /* CalendarViewController.swift */; };
		BF77E5301EC394A9007845B2 /* DailyCalendarViewController.swift in Sources */ = {isa = PBXBuildFile; fileRef = BF77E4DE1EC394A9007845B2 /* DailyCalendarViewController.swift */; };
		BF77E5311EC394A9007845B2 /* DatePickViewController.swift in Sources */ = {isa = PBXBuildFile; fileRef = BF77E4DF1EC394A9007845B2 /* DatePickViewController.swift */; };
		BF77E5321EC394A9007845B2 /* DoneAndPostponedActivities.storyboard in Resources */ = {isa = PBXBuildFile; fileRef = BF77E4E01EC394A9007845B2 /* DoneAndPostponedActivities.storyboard */; };
		BF77E5331EC394A9007845B2 /* DoneAndPostponedActivitiesTableViewCell.swift in Sources */ = {isa = PBXBuildFile; fileRef = BF77E4E11EC394A9007845B2 /* DoneAndPostponedActivitiesTableViewCell.swift */; };
		BF77E5341EC394A9007845B2 /* DoneAndPostponedActivitiesViewController.swift in Sources */ = {isa = PBXBuildFile; fileRef = BF77E4E21EC394A9007845B2 /* DoneAndPostponedActivitiesViewController.swift */; };
		BF77E5361EC394A9007845B2 /* ActivityTableViewCell.swift in Sources */ = {isa = PBXBuildFile; fileRef = BF77E4E41EC394A9007845B2 /* ActivityTableViewCell.swift */; };
		BF77E5371EC394A9007845B2 /* ActivityTableViewCell.xib in Resources */ = {isa = PBXBuildFile; fileRef = BF77E4E51EC394A9007845B2 /* ActivityTableViewCell.xib */; };
		BF77E53D1EC394A9007845B2 /* CalendarCell.swift in Sources */ = {isa = PBXBuildFile; fileRef = BF77E4EB1EC394A9007845B2 /* CalendarCell.swift */; };
		BF77E53F1EC394A9007845B2 /* ChooseSubjectController.swift in Sources */ = {isa = PBXBuildFile; fileRef = BF77E4ED1EC394A9007845B2 /* ChooseSubjectController.swift */; };
		BF77E5411EC394A9007845B2 /* ControllerPList.swift in Sources */ = {isa = PBXBuildFile; fileRef = BF77E4EF1EC394A9007845B2 /* ControllerPList.swift */; };
		BF77E5441EC394A9007845B2 /* DoneAndPostponedActivitiesTableViewCell.xib in Resources */ = {isa = PBXBuildFile; fileRef = BF77E4F21EC394A9007845B2 /* DoneAndPostponedActivitiesTableViewCell.xib */; };
		BF77E54C1EC394A9007845B2 /* HomeGoalViewController.swift in Sources */ = {isa = PBXBuildFile; fileRef = BF77E4FA1EC394A9007845B2 /* HomeGoalViewController.swift */; };
		BF77E5511EC394A9007845B2 /* SF-UI-Display-Black.otf in Resources */ = {isa = PBXBuildFile; fileRef = BF77E5001EC394A9007845B2 /* SF-UI-Display-Black.otf */; };
		BF77E5521EC394A9007845B2 /* SF-UI-Display-Bold.otf in Resources */ = {isa = PBXBuildFile; fileRef = BF77E5011EC394A9007845B2 /* SF-UI-Display-Bold.otf */; };
		BF77E5531EC394A9007845B2 /* SF-UI-Display-Heavy.otf in Resources */ = {isa = PBXBuildFile; fileRef = BF77E5021EC394A9007845B2 /* SF-UI-Display-Heavy.otf */; };
		BF77E5541EC394A9007845B2 /* SF-UI-Display-Light.otf in Resources */ = {isa = PBXBuildFile; fileRef = BF77E5031EC394A9007845B2 /* SF-UI-Display-Light.otf */; };
		BF77E5551EC394A9007845B2 /* SF-UI-Display-Medium.otf in Resources */ = {isa = PBXBuildFile; fileRef = BF77E5041EC394A9007845B2 /* SF-UI-Display-Medium.otf */; };
		BF77E5561EC394A9007845B2 /* SF-UI-Display-Regular.otf in Resources */ = {isa = PBXBuildFile; fileRef = BF77E5051EC394A9007845B2 /* SF-UI-Display-Regular.otf */; };
		BF77E5571EC394A9007845B2 /* SF-UI-Display-Semibold.otf in Resources */ = {isa = PBXBuildFile; fileRef = BF77E5061EC394A9007845B2 /* SF-UI-Display-Semibold.otf */; };
		BF77E5581EC394A9007845B2 /* SF-UI-Display-Thin.otf in Resources */ = {isa = PBXBuildFile; fileRef = BF77E5071EC394A9007845B2 /* SF-UI-Display-Thin.otf */; };
		BF77E5591EC394A9007845B2 /* SF-UI-Display-Ultralight.otf in Resources */ = {isa = PBXBuildFile; fileRef = BF77E5081EC394A9007845B2 /* SF-UI-Display-Ultralight.otf */; };
		BF77E55A1EC394A9007845B2 /* SF-UI-Text-Bold.otf in Resources */ = {isa = PBXBuildFile; fileRef = BF77E5091EC394A9007845B2 /* SF-UI-Text-Bold.otf */; };
		BF77E55B1EC394A9007845B2 /* SF-UI-Text-BoldItalic.otf in Resources */ = {isa = PBXBuildFile; fileRef = BF77E50A1EC394A9007845B2 /* SF-UI-Text-BoldItalic.otf */; };
		BF77E55C1EC394A9007845B2 /* SF-UI-Text-Heavy.otf in Resources */ = {isa = PBXBuildFile; fileRef = BF77E50B1EC394A9007845B2 /* SF-UI-Text-Heavy.otf */; };
		BF77E55D1EC394A9007845B2 /* SF-UI-Text-HeavyItalic.otf in Resources */ = {isa = PBXBuildFile; fileRef = BF77E50C1EC394A9007845B2 /* SF-UI-Text-HeavyItalic.otf */; };
		BF77E55E1EC394A9007845B2 /* SF-UI-Text-Light.otf in Resources */ = {isa = PBXBuildFile; fileRef = BF77E50D1EC394A9007845B2 /* SF-UI-Text-Light.otf */; };
		BF77E55F1EC394A9007845B2 /* SF-UI-Text-LightItalic.otf in Resources */ = {isa = PBXBuildFile; fileRef = BF77E50E1EC394A9007845B2 /* SF-UI-Text-LightItalic.otf */; };
		BF77E5601EC394A9007845B2 /* SF-UI-Text-Medium.otf in Resources */ = {isa = PBXBuildFile; fileRef = BF77E50F1EC394A9007845B2 /* SF-UI-Text-Medium.otf */; };
		BF77E5611EC394A9007845B2 /* SF-UI-Text-MediumItalic.otf in Resources */ = {isa = PBXBuildFile; fileRef = BF77E5101EC394A9007845B2 /* SF-UI-Text-MediumItalic.otf */; };
		BF77E5621EC394A9007845B2 /* SF-UI-Text-Regular.otf in Resources */ = {isa = PBXBuildFile; fileRef = BF77E5111EC394A9007845B2 /* SF-UI-Text-Regular.otf */; };
		BF77E5631EC394A9007845B2 /* SF-UI-Text-RegularItalic.otf in Resources */ = {isa = PBXBuildFile; fileRef = BF77E5121EC394A9007845B2 /* SF-UI-Text-RegularItalic.otf */; };
		BF77E5641EC394A9007845B2 /* SF-UI-Text-Semibold.otf in Resources */ = {isa = PBXBuildFile; fileRef = BF77E5131EC394A9007845B2 /* SF-UI-Text-Semibold.otf */; };
		BF77E5651EC394A9007845B2 /* SF-UI-Text-SemiboldItalic.otf in Resources */ = {isa = PBXBuildFile; fileRef = BF77E5141EC394A9007845B2 /* SF-UI-Text-SemiboldItalic.otf */; };
		BF77E5671EC394A9007845B2 /* SingletonDayActivity.swift in Sources */ = {isa = PBXBuildFile; fileRef = BF77E5161EC394A9007845B2 /* SingletonDayActivity.swift */; };
		BF77E56C1EC394A9007845B2 /* User.swift in Sources */ = {isa = PBXBuildFile; fileRef = BF77E51B1EC394A9007845B2 /* User.swift */; };
		D4142BCB1EE76350005AA7F5 /* HomeTasks.storyboard in Resources */ = {isa = PBXBuildFile; fileRef = D4142BCA1EE76350005AA7F5 /* HomeTasks.storyboard */; };
		D4C988981EA7D33B008DC591 /* Goal.swift in Sources */ = {isa = PBXBuildFile; fileRef = D4C988971EA7D33B008DC591 /* Goal.swift */; };
		D4C9889D1EA7DF4F008DC591 /* Reminder.swift in Sources */ = {isa = PBXBuildFile; fileRef = D4C9889C1EA7DF4F008DC591 /* Reminder.swift */; };
/* End PBXBuildFile section */

/* Begin PBXFileReference section */
		13E560A381673CA9CEE1D9E2 /* Pods-MiniChallenge.debug.xcconfig */ = {isa = PBXFileReference; includeInIndex = 1; lastKnownFileType = text.xcconfig; name = "Pods-MiniChallenge.debug.xcconfig"; path = "Pods/Target Support Files/Pods-MiniChallenge/Pods-MiniChallenge.debug.xcconfig"; sourceTree = "<group>"; };
		6C498348AD84F70C50CB6803 /* Pods_MiniChallenge.framework */ = {isa = PBXFileReference; explicitFileType = wrapper.framework; includeInIndex = 0; path = Pods_MiniChallenge.framework; sourceTree = BUILT_PRODUCTS_DIR; };
		6E15E5111EA6B8130027AAFD /* MiniChallenge.app */ = {isa = PBXFileReference; explicitFileType = wrapper.application; includeInIndex = 0; path = MiniChallenge.app; sourceTree = BUILT_PRODUCTS_DIR; };
		6E15E5141EA6B8130027AAFD /* AppDelegate.swift */ = {isa = PBXFileReference; lastKnownFileType = sourcecode.swift; path = AppDelegate.swift; sourceTree = "<group>"; };
		6E15E51C1EA6B8130027AAFD /* MiniChallenge.xcdatamodel */ = {isa = PBXFileReference; lastKnownFileType = wrapper.xcdatamodel; path = MiniChallenge.xcdatamodel; sourceTree = "<group>"; };
		6E15E5231EA6B8130027AAFD /* Info.plist */ = {isa = PBXFileReference; lastKnownFileType = text.plist.xml; path = Info.plist; sourceTree = "<group>"; };
		6E15E5291EA6B9B30027AAFD /* Subject.swift */ = {isa = PBXFileReference; fileEncoding = 4; lastKnownFileType = sourcecode.swift; path = Subject.swift; sourceTree = "<group>"; };
		6E15E52B1EA6CB9D0027AAFD /* Note.swift */ = {isa = PBXFileReference; fileEncoding = 4; lastKnownFileType = sourcecode.swift; path = Note.swift; sourceTree = "<group>"; };
		6E15E52E1EA6CC8E0027AAFD /* Teacher.swift */ = {isa = PBXFileReference; fileEncoding = 4; lastKnownFileType = sourcecode.swift; path = Teacher.swift; sourceTree = "<group>"; };
		6E1E4BBC1EE03A0100C65683 /* CreateGeolocalizatedNotification.storyboard */ = {isa = PBXFileReference; fileEncoding = 4; lastKnownFileType = file.storyboard; path = CreateGeolocalizatedNotification.storyboard; sourceTree = "<group>"; };
		6E1E4BBD1EE03A0100C65683 /* CreateGeolocalizatedNotificationViewController.swift */ = {isa = PBXFileReference; fileEncoding = 4; lastKnownFileType = sourcecode.swift; path = CreateGeolocalizatedNotificationViewController.swift; sourceTree = "<group>"; };
		6E1E4BBE1EE03A0100C65683 /* CreateNote.storyboard */ = {isa = PBXFileReference; fileEncoding = 4; lastKnownFileType = file.storyboard; path = CreateNote.storyboard; sourceTree = "<group>"; };
		6E1E4BBF1EE03A0100C65683 /* CreateNoteContent.storyboard */ = {isa = PBXFileReference; fileEncoding = 4; lastKnownFileType = file.storyboard; path = CreateNoteContent.storyboard; sourceTree = "<group>"; };
		6E1E4BC01EE03A0100C65683 /* CreateNoteContentViewController.swift */ = {isa = PBXFileReference; fileEncoding = 4; lastKnownFileType = sourcecode.swift; path = CreateNoteContentViewController.swift; sourceTree = "<group>"; };
		6E1E4BC11EE03A0100C65683 /* CreateNoteTitle.storyboard */ = {isa = PBXFileReference; fileEncoding = 4; lastKnownFileType = file.storyboard; path = CreateNoteTitle.storyboard; sourceTree = "<group>"; };
		6E1E4BC21EE03A0100C65683 /* CreateNoteTitleViewController.swift */ = {isa = PBXFileReference; fileEncoding = 4; lastKnownFileType = sourcecode.swift; path = CreateNoteTitleViewController.swift; sourceTree = "<group>"; };
		6E1E4BC31EE03A0100C65683 /* EditGoal.storyboard */ = {isa = PBXFileReference; fileEncoding = 4; lastKnownFileType = file.storyboard; path = EditGoal.storyboard; sourceTree = "<group>"; };
		6E1E4BC41EE03A0100C65683 /* EditGoalTableViewCell.swift */ = {isa = PBXFileReference; fileEncoding = 4; lastKnownFileType = sourcecode.swift; path = EditGoalTableViewCell.swift; sourceTree = "<group>"; };
		6E1E4BC71EE03A0100C65683 /* EditGoalViewController.swift */ = {isa = PBXFileReference; fileEncoding = 4; lastKnownFileType = sourcecode.swift; path = EditGoalViewController.swift; sourceTree = "<group>"; };
		6E1E4BC81EE03A0100C65683 /* EditSubject.storyboard */ = {isa = PBXFileReference; fileEncoding = 4; lastKnownFileType = file.storyboard; path = EditSubject.storyboard; sourceTree = "<group>"; };
		6E1E4BCA1EE03A0100C65683 /* EditSubjectTableViewCell.swift */ = {isa = PBXFileReference; fileEncoding = 4; lastKnownFileType = sourcecode.swift; path = EditSubjectTableViewCell.swift; sourceTree = "<group>"; };
		6E1E4BCF1EE03A0100C65683 /* EditSubjectViewController.swift */ = {isa = PBXFileReference; fileEncoding = 4; lastKnownFileType = sourcecode.swift; path = EditSubjectViewController.swift; sourceTree = "<group>"; };
		6E1E4BD01EE03A0100C65683 /* HomeNotes.storyboard */ = {isa = PBXFileReference; fileEncoding = 4; lastKnownFileType = file.storyboard; path = HomeNotes.storyboard; sourceTree = "<group>"; };
		6E1E4BD11EE03A0100C65683 /* HomeNotesTableViewCell.swift */ = {isa = PBXFileReference; fileEncoding = 4; lastKnownFileType = sourcecode.swift; path = HomeNotesTableViewCell.swift; sourceTree = "<group>"; };
		6E1E4BD21EE03A0100C65683 /* HomeNotesViewController.swift */ = {isa = PBXFileReference; fileEncoding = 4; lastKnownFileType = sourcecode.swift; path = HomeNotesViewController.swift; sourceTree = "<group>"; };
		6E1E4BEA1EE03A0D00C65683 /* NoteCreated.storyboard */ = {isa = PBXFileReference; fileEncoding = 4; lastKnownFileType = file.storyboard; path = NoteCreated.storyboard; sourceTree = "<group>"; };
		6E1E4BEB1EE03A0D00C65683 /* NoteCreatedViewController.swift */ = {isa = PBXFileReference; fileEncoding = 4; lastKnownFileType = sourcecode.swift; path = NoteCreatedViewController.swift; sourceTree = "<group>"; };
		6E1E4BEC1EE03A0D00C65683 /* NoteService.swift */ = {isa = PBXFileReference; fileEncoding = 4; lastKnownFileType = sourcecode.swift; path = NoteService.swift; sourceTree = "<group>"; };
		6E1E4BED1EE03A0D00C65683 /* PresentNotes.storyboard */ = {isa = PBXFileReference; fileEncoding = 4; lastKnownFileType = file.storyboard; path = PresentNotes.storyboard; sourceTree = "<group>"; };
		6E1E4BEE1EE03A0D00C65683 /* PresentNotesViewController.swift */ = {isa = PBXFileReference; fileEncoding = 4; lastKnownFileType = sourcecode.swift; path = PresentNotesViewController.swift; sourceTree = "<group>"; };
		6E1E4BEF1EE03A0D00C65683 /* showNotes.storyboard */ = {isa = PBXFileReference; fileEncoding = 4; lastKnownFileType = file.storyboard; path = showNotes.storyboard; sourceTree = "<group>"; };
		6E1E4BF01EE03A0D00C65683 /* ShowNotesTableViewCell.swift */ = {isa = PBXFileReference; fileEncoding = 4; lastKnownFileType = sourcecode.swift; path = ShowNotesTableViewCell.swift; sourceTree = "<group>"; };
		6E1E4BF11EE03A0D00C65683 /* ShowNotesViewController.swift */ = {isa = PBXFileReference; fileEncoding = 4; lastKnownFileType = sourcecode.swift; path = ShowNotesViewController.swift; sourceTree = "<group>"; };
		6E1E4BF31EE03A0D00C65683 /* SubjectFaults.storyboard */ = {isa = PBXFileReference; fileEncoding = 4; lastKnownFileType = file.storyboard; path = SubjectFaults.storyboard; sourceTree = "<group>"; };
		6E1E4BF41EE03A0D00C65683 /* SubjectFaultsViewController.swift */ = {isa = PBXFileReference; fileEncoding = 4; lastKnownFileType = sourcecode.swift; path = SubjectFaultsViewController.swift; sourceTree = "<group>"; };
		6EB66EA51EB9174D00A16F1D /* DayActivityTableViewCell.swift */ = {isa = PBXFileReference; fileEncoding = 4; lastKnownFileType = sourcecode.swift; path = DayActivityTableViewCell.swift; sourceTree = "<group>"; };
		6EB66EA61EB9174D00A16F1D /* DayActivityTableViewCell.xib */ = {isa = PBXFileReference; fileEncoding = 4; lastKnownFileType = file.xib; path = DayActivityTableViewCell.xib; sourceTree = "<group>"; };
		774B8E3577BCA297B347D437 /* Pods-MiniChallenge.release.xcconfig */ = {isa = PBXFileReference; includeInIndex = 1; lastKnownFileType = text.xcconfig; name = "Pods-MiniChallenge.release.xcconfig"; path = "Pods/Target Support Files/Pods-MiniChallenge/Pods-MiniChallenge.release.xcconfig"; sourceTree = "<group>"; };
		ADD876B31EAF8A6600C45032 /* CreateNoteViewController.swift */ = {isa = PBXFileReference; fileEncoding = 4; lastKnownFileType = sourcecode.swift; path = CreateNoteViewController.swift; sourceTree = "<group>"; };
		BF762CA41ED47320004E423B /* CreateGoal.storyboard */ = {isa = PBXFileReference; fileEncoding = 4; lastKnownFileType = file.storyboard; path = CreateGoal.storyboard; sourceTree = "<group>"; };
		BF762CA51ED47320004E423B /* CreateGoal.swift */ = {isa = PBXFileReference; fileEncoding = 4; lastKnownFileType = sourcecode.swift; path = CreateGoal.swift; sourceTree = "<group>"; };
		BF762CA61ED47320004E423B /* EditActivity.storyboard */ = {isa = PBXFileReference; fileEncoding = 4; lastKnownFileType = file.storyboard; path = EditActivity.storyboard; sourceTree = "<group>"; };
		BF762CA71ED47320004E423B /* EditActivityController.swift */ = {isa = PBXFileReference; fileEncoding = 4; lastKnownFileType = sourcecode.swift; path = EditActivityController.swift; sourceTree = "<group>"; };
		BF762CA81ED47320004E423B /* GoalCellsTableViewCell.swift */ = {isa = PBXFileReference; fileEncoding = 4; lastKnownFileType = sourcecode.swift; path = GoalCellsTableViewCell.swift; sourceTree = "<group>"; };
		BF762CA91ED47320004E423B /* GoalCreated.storyboard */ = {isa = PBXFileReference; fileEncoding = 4; lastKnownFileType = file.storyboard; path = GoalCreated.storyboard; sourceTree = "<group>"; };
		BF762CAA1ED47320004E423B /* GoalCreated.swift */ = {isa = PBXFileReference; fileEncoding = 4; lastKnownFileType = sourcecode.swift; path = GoalCreated.swift; sourceTree = "<group>"; };
		BF762CAB1ED47320004E423B /* GoalOptions.storyboard */ = {isa = PBXFileReference; fileEncoding = 4; lastKnownFileType = file.storyboard; path = GoalOptions.storyboard; sourceTree = "<group>"; };
		BF762CAC1ED47320004E423B /* GoalOptions.swift */ = {isa = PBXFileReference; fileEncoding = 4; lastKnownFileType = sourcecode.swift; path = GoalOptions.swift; sourceTree = "<group>"; };
		BF762CAD1ED47320004E423B /* GoalService.swift */ = {isa = PBXFileReference; fileEncoding = 4; lastKnownFileType = sourcecode.swift; path = GoalService.swift; sourceTree = "<group>"; };
		BF762CAE1ED47320004E423B /* HomeGoal.storyboard */ = {isa = PBXFileReference; fileEncoding = 4; lastKnownFileType = file.storyboard; path = HomeGoal.storyboard; sourceTree = "<group>"; };
		BF762CAF1ED47320004E423B /* HomeGoal.swift */ = {isa = PBXFileReference; fileEncoding = 4; lastKnownFileType = sourcecode.swift; path = HomeGoal.swift; sourceTree = "<group>"; };
		BF762CBC1ED47335004E423B /* MissedClasses.storyboard */ = {isa = PBXFileReference; fileEncoding = 4; lastKnownFileType = file.storyboard; path = MissedClasses.storyboard; sourceTree = "<group>"; };
		BF762CBD1ED47336004E423B /* MissedClassViewController.swift */ = {isa = PBXFileReference; fileEncoding = 4; lastKnownFileType = sourcecode.swift; path = MissedClassViewController.swift; sourceTree = "<group>"; };
		BF762CBF1ED47336004E423B /* SelectGoalDatetime.storyboard */ = {isa = PBXFileReference; fileEncoding = 4; lastKnownFileType = file.storyboard; path = SelectGoalDatetime.storyboard; sourceTree = "<group>"; };
		BF762CC01ED47336004E423B /* SelectGoalDatetime.swift */ = {isa = PBXFileReference; fileEncoding = 4; lastKnownFileType = sourcecode.swift; path = SelectGoalDatetime.swift; sourceTree = "<group>"; };
		BF762CC11ED47336004E423B /* ShowSubjectsActivity.swift */ = {isa = PBXFileReference; fileEncoding = 4; lastKnownFileType = sourcecode.swift; path = ShowSubjectsActivity.swift; sourceTree = "<group>"; };
		BF762CC21ED47336004E423B /* SingletonPassedDate.swift */ = {isa = PBXFileReference; fileEncoding = 4; lastKnownFileType = sourcecode.swift; path = SingletonPassedDate.swift; sourceTree = "<group>"; };
		BF762CCC1ED47532004E423B /* Assets.xcassets */ = {isa = PBXFileReference; lastKnownFileType = folder.assetcatalog; path = Assets.xcassets; sourceTree = "<group>"; };
		BF762CCE1ED47686004E423B /* ColorsCollectionViewCell.swift */ = {isa = PBXFileReference; fileEncoding = 4; lastKnownFileType = sourcecode.swift; path = ColorsCollectionViewCell.swift; sourceTree = "<group>"; };
		BF762CCF1ED47686004E423B /* CreateTeacher.storyboard */ = {isa = PBXFileReference; fileEncoding = 4; lastKnownFileType = file.storyboard; path = CreateTeacher.storyboard; sourceTree = "<group>"; };
		BF762CD01ED47686004E423B /* CreateTeacherViewController.swift */ = {isa = PBXFileReference; fileEncoding = 4; lastKnownFileType = sourcecode.swift; path = CreateTeacherViewController.swift; sourceTree = "<group>"; };
		BF762CD41ED4769A004E423B /* SelectDate.storyboard */ = {isa = PBXFileReference; fileEncoding = 4; lastKnownFileType = file.storyboard; path = SelectDate.storyboard; sourceTree = "<group>"; };
		BF762CD51ED4769A004E423B /* SelectGoalDateViewController.swift */ = {isa = PBXFileReference; fileEncoding = 4; lastKnownFileType = sourcecode.swift; path = SelectGoalDateViewController.swift; sourceTree = "<group>"; };
		BF762CD61ED4769A004E423B /* SelectSubjectColor.storyboard */ = {isa = PBXFileReference; fileEncoding = 4; lastKnownFileType = file.storyboard; path = SelectSubjectColor.storyboard; sourceTree = "<group>"; };
		BF762CD71ED4769A004E423B /* SelectSubjectColorViewController.swift */ = {isa = PBXFileReference; fileEncoding = 4; lastKnownFileType = sourcecode.swift; path = SelectSubjectColorViewController.swift; sourceTree = "<group>"; };
		BF762CD81ED4769A004E423B /* SelectWhereToNotify.storyboard */ = {isa = PBXFileReference; fileEncoding = 4; lastKnownFileType = file.storyboard; path = SelectWhereToNotify.storyboard; sourceTree = "<group>"; };
		BF762CD91ED4769A004E423B /* SelectWhereToNotifyViewController.swift */ = {isa = PBXFileReference; fileEncoding = 4; lastKnownFileType = sourcecode.swift; path = SelectWhereToNotifyViewController.swift; sourceTree = "<group>"; };
		BF77E4CA1EC394A9007845B2 /* Calendar.storyboard */ = {isa = PBXFileReference; fileEncoding = 4; lastKnownFileType = file.storyboard; path = Calendar.storyboard; sourceTree = "<group>"; };
		BF77E4CB1EC394A9007845B2 /* CreateSubject.storyboard */ = {isa = PBXFileReference; fileEncoding = 4; lastKnownFileType = file.storyboard; path = CreateSubject.storyboard; sourceTree = "<group>"; };
		BF77E4CC1EC394A9007845B2 /* CreateSubject.swift */ = {isa = PBXFileReference; fileEncoding = 4; lastKnownFileType = sourcecode.swift; path = CreateSubject.swift; sourceTree = "<group>"; };
		BF77E4CD1EC394A9007845B2 /* Goal.storyboard */ = {isa = PBXFileReference; fileEncoding = 4; lastKnownFileType = file.storyboard; path = Goal.storyboard; sourceTree = "<group>"; };
		BF77E4CE1EC394A9007845B2 /* HomeSubject.storyboard */ = {isa = PBXFileReference; fileEncoding = 4; lastKnownFileType = file.storyboard; path = HomeSubject.storyboard; sourceTree = "<group>"; };
		BF77E4CF1EC394A9007845B2 /* HomeSubject.swift */ = {isa = PBXFileReference; fileEncoding = 4; lastKnownFileType = sourcecode.swift; path = HomeSubject.swift; sourceTree = "<group>"; };
		BF77E4D01EC394A9007845B2 /* Onboarding.storyboard */ = {isa = PBXFileReference; fileEncoding = 4; lastKnownFileType = file.storyboard; path = Onboarding.storyboard; sourceTree = "<group>"; };
		BF77E4D11EC394A9007845B2 /* OnboardingViewController.swift */ = {isa = PBXFileReference; fileEncoding = 4; lastKnownFileType = sourcecode.swift; path = OnboardingViewController.swift; sourceTree = "<group>"; };
		BF77E4D21EC394A9007845B2 /* Reminders.storyboard */ = {isa = PBXFileReference; fileEncoding = 4; lastKnownFileType = file.storyboard; path = Reminders.storyboard; sourceTree = "<group>"; };
		BF77E4D31EC394A9007845B2 /* SingletonActivity.swift */ = {isa = PBXFileReference; fileEncoding = 4; lastKnownFileType = sourcecode.swift; path = SingletonActivity.swift; sourceTree = "<group>"; };
		BF77E4D41EC394A9007845B2 /* SingletonSubject.swift */ = {isa = PBXFileReference; fileEncoding = 4; lastKnownFileType = sourcecode.swift; path = SingletonSubject.swift; sourceTree = "<group>"; };
		BF77E4D61EC394A9007845B2 /* SubjectCreated.storyboard */ = {isa = PBXFileReference; fileEncoding = 4; lastKnownFileType = file.storyboard; path = SubjectCreated.storyboard; sourceTree = "<group>"; };
		BF77E4D71EC394A9007845B2 /* SubjectCreated.swift */ = {isa = PBXFileReference; fileEncoding = 4; lastKnownFileType = sourcecode.swift; path = SubjectCreated.swift; sourceTree = "<group>"; };
		BF77E4D81EC394A9007845B2 /* SubjectTableViewCell.swift */ = {isa = PBXFileReference; fileEncoding = 4; lastKnownFileType = sourcecode.swift; path = SubjectTableViewCell.swift; sourceTree = "<group>"; };
		BF77E4DB1EC394A9007845B2 /* AddTitleController.swift */ = {isa = PBXFileReference; fileEncoding = 4; lastKnownFileType = sourcecode.swift; path = AddTitleController.swift; sourceTree = "<group>"; };
		BF77E4DC1EC394A9007845B2 /* CalendarViewController.swift */ = {isa = PBXFileReference; fileEncoding = 4; lastKnownFileType = sourcecode.swift; path = CalendarViewController.swift; sourceTree = "<group>"; };
		BF77E4DE1EC394A9007845B2 /* DailyCalendarViewController.swift */ = {isa = PBXFileReference; fileEncoding = 4; lastKnownFileType = sourcecode.swift; path = DailyCalendarViewController.swift; sourceTree = "<group>"; };
		BF77E4DF1EC394A9007845B2 /* DatePickViewController.swift */ = {isa = PBXFileReference; fileEncoding = 4; lastKnownFileType = sourcecode.swift; path = DatePickViewController.swift; sourceTree = "<group>"; };
		BF77E4E01EC394A9007845B2 /* DoneAndPostponedActivities.storyboard */ = {isa = PBXFileReference; fileEncoding = 4; lastKnownFileType = file.storyboard; path = DoneAndPostponedActivities.storyboard; sourceTree = "<group>"; };
		BF77E4E11EC394A9007845B2 /* DoneAndPostponedActivitiesTableViewCell.swift */ = {isa = PBXFileReference; fileEncoding = 4; lastKnownFileType = sourcecode.swift; path = DoneAndPostponedActivitiesTableViewCell.swift; sourceTree = "<group>"; };
		BF77E4E21EC394A9007845B2 /* DoneAndPostponedActivitiesViewController.swift */ = {isa = PBXFileReference; fileEncoding = 4; lastKnownFileType = sourcecode.swift; path = DoneAndPostponedActivitiesViewController.swift; sourceTree = "<group>"; };
		BF77E4E41EC394A9007845B2 /* ActivityTableViewCell.swift */ = {isa = PBXFileReference; fileEncoding = 4; lastKnownFileType = sourcecode.swift; path = ActivityTableViewCell.swift; sourceTree = "<group>"; };
		BF77E4E51EC394A9007845B2 /* ActivityTableViewCell.xib */ = {isa = PBXFileReference; fileEncoding = 4; lastKnownFileType = file.xib; path = ActivityTableViewCell.xib; sourceTree = "<group>"; };
		BF77E4EB1EC394A9007845B2 /* CalendarCell.swift */ = {isa = PBXFileReference; fileEncoding = 4; lastKnownFileType = sourcecode.swift; path = CalendarCell.swift; sourceTree = "<group>"; };
		BF77E4ED1EC394A9007845B2 /* ChooseSubjectController.swift */ = {isa = PBXFileReference; fileEncoding = 4; lastKnownFileType = sourcecode.swift; path = ChooseSubjectController.swift; sourceTree = "<group>"; };
		BF77E4EF1EC394A9007845B2 /* ControllerPList.swift */ = {isa = PBXFileReference; fileEncoding = 4; lastKnownFileType = sourcecode.swift; path = ControllerPList.swift; sourceTree = "<group>"; };
		BF77E4F21EC394A9007845B2 /* DoneAndPostponedActivitiesTableViewCell.xib */ = {isa = PBXFileReference; fileEncoding = 4; lastKnownFileType = file.xib; path = DoneAndPostponedActivitiesTableViewCell.xib; sourceTree = "<group>"; };
		BF77E4FA1EC394A9007845B2 /* HomeGoalViewController.swift */ = {isa = PBXFileReference; fileEncoding = 4; lastKnownFileType = sourcecode.swift; path = HomeGoalViewController.swift; sourceTree = "<group>"; };
		BF77E5001EC394A9007845B2 /* SF-UI-Display-Black.otf */ = {isa = PBXFileReference; lastKnownFileType = file; path = "SF-UI-Display-Black.otf"; sourceTree = "<group>"; };
		BF77E5011EC394A9007845B2 /* SF-UI-Display-Bold.otf */ = {isa = PBXFileReference; lastKnownFileType = file; path = "SF-UI-Display-Bold.otf"; sourceTree = "<group>"; };
		BF77E5021EC394A9007845B2 /* SF-UI-Display-Heavy.otf */ = {isa = PBXFileReference; lastKnownFileType = file; path = "SF-UI-Display-Heavy.otf"; sourceTree = "<group>"; };
		BF77E5031EC394A9007845B2 /* SF-UI-Display-Light.otf */ = {isa = PBXFileReference; lastKnownFileType = file; path = "SF-UI-Display-Light.otf"; sourceTree = "<group>"; };
		BF77E5041EC394A9007845B2 /* SF-UI-Display-Medium.otf */ = {isa = PBXFileReference; lastKnownFileType = file; path = "SF-UI-Display-Medium.otf"; sourceTree = "<group>"; };
		BF77E5051EC394A9007845B2 /* SF-UI-Display-Regular.otf */ = {isa = PBXFileReference; lastKnownFileType = file; path = "SF-UI-Display-Regular.otf"; sourceTree = "<group>"; };
		BF77E5061EC394A9007845B2 /* SF-UI-Display-Semibold.otf */ = {isa = PBXFileReference; lastKnownFileType = file; path = "SF-UI-Display-Semibold.otf"; sourceTree = "<group>"; };
		BF77E5071EC394A9007845B2 /* SF-UI-Display-Thin.otf */ = {isa = PBXFileReference; lastKnownFileType = file; path = "SF-UI-Display-Thin.otf"; sourceTree = "<group>"; };
		BF77E5081EC394A9007845B2 /* SF-UI-Display-Ultralight.otf */ = {isa = PBXFileReference; lastKnownFileType = file; path = "SF-UI-Display-Ultralight.otf"; sourceTree = "<group>"; };
		BF77E5091EC394A9007845B2 /* SF-UI-Text-Bold.otf */ = {isa = PBXFileReference; lastKnownFileType = file; path = "SF-UI-Text-Bold.otf"; sourceTree = "<group>"; };
		BF77E50A1EC394A9007845B2 /* SF-UI-Text-BoldItalic.otf */ = {isa = PBXFileReference; lastKnownFileType = file; path = "SF-UI-Text-BoldItalic.otf"; sourceTree = "<group>"; };
		BF77E50B1EC394A9007845B2 /* SF-UI-Text-Heavy.otf */ = {isa = PBXFileReference; lastKnownFileType = file; path = "SF-UI-Text-Heavy.otf"; sourceTree = "<group>"; };
		BF77E50C1EC394A9007845B2 /* SF-UI-Text-HeavyItalic.otf */ = {isa = PBXFileReference; lastKnownFileType = file; path = "SF-UI-Text-HeavyItalic.otf"; sourceTree = "<group>"; };
		BF77E50D1EC394A9007845B2 /* SF-UI-Text-Light.otf */ = {isa = PBXFileReference; lastKnownFileType = file; path = "SF-UI-Text-Light.otf"; sourceTree = "<group>"; };
		BF77E50E1EC394A9007845B2 /* SF-UI-Text-LightItalic.otf */ = {isa = PBXFileReference; lastKnownFileType = file; path = "SF-UI-Text-LightItalic.otf"; sourceTree = "<group>"; };
		BF77E50F1EC394A9007845B2 /* SF-UI-Text-Medium.otf */ = {isa = PBXFileReference; lastKnownFileType = file; path = "SF-UI-Text-Medium.otf"; sourceTree = "<group>"; };
		BF77E5101EC394A9007845B2 /* SF-UI-Text-MediumItalic.otf */ = {isa = PBXFileReference; lastKnownFileType = file; path = "SF-UI-Text-MediumItalic.otf"; sourceTree = "<group>"; };
		BF77E5111EC394A9007845B2 /* SF-UI-Text-Regular.otf */ = {isa = PBXFileReference; lastKnownFileType = file; path = "SF-UI-Text-Regular.otf"; sourceTree = "<group>"; };
		BF77E5121EC394A9007845B2 /* SF-UI-Text-RegularItalic.otf */ = {isa = PBXFileReference; lastKnownFileType = file; path = "SF-UI-Text-RegularItalic.otf"; sourceTree = "<group>"; };
		BF77E5131EC394A9007845B2 /* SF-UI-Text-Semibold.otf */ = {isa = PBXFileReference; lastKnownFileType = file; path = "SF-UI-Text-Semibold.otf"; sourceTree = "<group>"; };
		BF77E5141EC394A9007845B2 /* SF-UI-Text-SemiboldItalic.otf */ = {isa = PBXFileReference; lastKnownFileType = file; path = "SF-UI-Text-SemiboldItalic.otf"; sourceTree = "<group>"; };
		BF77E5161EC394A9007845B2 /* SingletonDayActivity.swift */ = {isa = PBXFileReference; fileEncoding = 4; lastKnownFileType = sourcecode.swift; path = SingletonDayActivity.swift; sourceTree = "<group>"; };
		BF77E51B1EC394A9007845B2 /* User.swift */ = {isa = PBXFileReference; fileEncoding = 4; lastKnownFileType = sourcecode.swift; path = User.swift; sourceTree = "<group>"; };
		D4142BCA1EE76350005AA7F5 /* HomeTasks.storyboard */ = {isa = PBXFileReference; fileEncoding = 4; lastKnownFileType = file.storyboard; path = HomeTasks.storyboard; sourceTree = "<group>"; };
		D4C988971EA7D33B008DC591 /* Goal.swift */ = {isa = PBXFileReference; fileEncoding = 4; lastKnownFileType = sourcecode.swift; path = Goal.swift; sourceTree = "<group>"; };
		D4C9889C1EA7DF4F008DC591 /* Reminder.swift */ = {isa = PBXFileReference; fileEncoding = 4; lastKnownFileType = sourcecode.swift; path = Reminder.swift; sourceTree = "<group>"; };
		D4EAF6181EEF36400042CAB9 /* MiniChallenge.entitlements */ = {isa = PBXFileReference; lastKnownFileType = text.plist.entitlements; path = MiniChallenge.entitlements; sourceTree = "<group>"; };
/* End PBXFileReference section */

/* Begin PBXFrameworksBuildPhase section */
		6E15E50E1EA6B8130027AAFD /* Frameworks */ = {
			isa = PBXFrameworksBuildPhase;
			buildActionMask = 2147483647;
			files = (
				2ED924D8D765D728019195CF /* Pods_MiniChallenge.framework in Frameworks */,
			);
			runOnlyForDeploymentPostprocessing = 0;
		};
/* End PBXFrameworksBuildPhase section */

/* Begin PBXGroup section */
		40892D91CC5E95419A9F7AD6 /* Pods */ = {
			isa = PBXGroup;
			children = (
				13E560A381673CA9CEE1D9E2 /* Pods-MiniChallenge.debug.xcconfig */,
				774B8E3577BCA297B347D437 /* Pods-MiniChallenge.release.xcconfig */,
			);
			name = Pods;
			sourceTree = "<group>";
		};
		65266972F39A38CE5235B5F8 /* Frameworks */ = {
			isa = PBXGroup;
			children = (
				6C498348AD84F70C50CB6803 /* Pods_MiniChallenge.framework */,
			);
			name = Frameworks;
			sourceTree = "<group>";
		};
		6E15E5081EA6B8130027AAFD = {
			isa = PBXGroup;
			children = (
				6E15E5131EA6B8130027AAFD /* MiniChallenge */,
				6E15E5121EA6B8130027AAFD /* Products */,
				40892D91CC5E95419A9F7AD6 /* Pods */,
				65266972F39A38CE5235B5F8 /* Frameworks */,
			);
			sourceTree = "<group>";
		};
		6E15E5121EA6B8130027AAFD /* Products */ = {
			isa = PBXGroup;
			children = (
				6E15E5111EA6B8130027AAFD /* MiniChallenge.app */,
			);
			name = Products;
			sourceTree = "<group>";
		};
		6E15E5131EA6B8130027AAFD /* MiniChallenge */ = {
			isa = PBXGroup;
			children = (
				D4EAF6181EEF36400042CAB9 /* MiniChallenge.entitlements */,
				BF1C9D441EC4F1E100707BFF /* Resources */,
				BF1C9D391EC4EDEB00707BFF /* Delegate */,
				6E15E52D1EA6CC7A0027AAFD /* Model */,
				ADD876B01EAF898000C45032 /* View */,
				ADD876AF1EAF897500C45032 /* Controller */,
			);
			path = MiniChallenge;
			sourceTree = "<group>";
		};
		6E15E52D1EA6CC7A0027AAFD /* Model */ = {
			isa = PBXGroup;
			children = (
				6E1E4C081EE0502C00C65683 /* Teacher */,
				6E1E4C071EE04FF400C65683 /* User */,
				6E1E4C061EE04FDA00C65683 /* Note */,
				6E1E4C051EE04FD500C65683 /* Reminder */,
				6E1E4C041EE04FD200C65683 /* Goal */,
				6E1E4C031EE04FC900C65683 /* Calendar */,
				6E1E4C021EE04FBB00C65683 /* Subject */,
				BF1C9D431EC4F12500707BFF /* DataModel */,
			);
			name = Model;
			sourceTree = "<group>";
		};
		6E1E4C001EE04E9D00C65683 /* Notes */ = {
			isa = PBXGroup;
			children = (
				6E1E4BBE1EE03A0100C65683 /* CreateNote.storyboard */,
				6E1E4BBF1EE03A0100C65683 /* CreateNoteContent.storyboard */,
				6E1E4BC11EE03A0100C65683 /* CreateNoteTitle.storyboard */,
				6E1E4BEA1EE03A0D00C65683 /* NoteCreated.storyboard */,
				6E1E4BEF1EE03A0D00C65683 /* showNotes.storyboard */,
				6E1E4BED1EE03A0D00C65683 /* PresentNotes.storyboard */,
				6E1E4BD01EE03A0100C65683 /* HomeNotes.storyboard */,
			);
			name = Notes;
			sourceTree = "<group>";
		};
		6E1E4C011EE04F0600C65683 /* Notes */ = {
			isa = PBXGroup;
			children = (
				6E1E4BEB1EE03A0D00C65683 /* NoteCreatedViewController.swift */,
				6E1E4BEE1EE03A0D00C65683 /* PresentNotesViewController.swift */,
				6E1E4BF01EE03A0D00C65683 /* ShowNotesTableViewCell.swift */,
				6E1E4BF11EE03A0D00C65683 /* ShowNotesViewController.swift */,
				6E1E4BC01EE03A0100C65683 /* CreateNoteContentViewController.swift */,
				6E1E4BC21EE03A0100C65683 /* CreateNoteTitleViewController.swift */,
				6E1E4BD11EE03A0100C65683 /* HomeNotesTableViewCell.swift */,
				6E1E4BD21EE03A0100C65683 /* HomeNotesViewController.swift */,
			);
			name = Notes;
			sourceTree = "<group>";
		};
		6E1E4C021EE04FBB00C65683 /* Subject */ = {
			isa = PBXGroup;
			children = (
				6E15E5291EA6B9B30027AAFD /* Subject.swift */,
			);
			name = Subject;
			sourceTree = "<group>";
		};
		6E1E4C031EE04FC900C65683 /* Calendar */ = {
			isa = PBXGroup;
			children = (
				BF762CC21ED47336004E423B /* SingletonPassedDate.swift */,
			);
			name = Calendar;
			sourceTree = "<group>";
		};
		6E1E4C041EE04FD200C65683 /* Goal */ = {
			isa = PBXGroup;
			children = (
				D4C988971EA7D33B008DC591 /* Goal.swift */,
			);
			name = Goal;
			sourceTree = "<group>";
		};
		6E1E4C051EE04FD500C65683 /* Reminder */ = {
			isa = PBXGroup;
			children = (
				D4C9889C1EA7DF4F008DC591 /* Reminder.swift */,
			);
			name = Reminder;
			sourceTree = "<group>";
		};
		6E1E4C061EE04FDA00C65683 /* Note */ = {
			isa = PBXGroup;
			children = (
				6E15E52B1EA6CB9D0027AAFD /* Note.swift */,
				6E1E4BEC1EE03A0D00C65683 /* NoteService.swift */,
			);
			name = Note;
			sourceTree = "<group>";
		};
		6E1E4C071EE04FF400C65683 /* User */ = {
			isa = PBXGroup;
			children = (
				BF77E51B1EC394A9007845B2 /* User.swift */,
			);
			name = User;
			sourceTree = "<group>";
		};
		6E1E4C081EE0502C00C65683 /* Teacher */ = {
			isa = PBXGroup;
			children = (
				6E15E52E1EA6CC8E0027AAFD /* Teacher.swift */,
			);
			name = Teacher;
			sourceTree = "<group>";
		};
		6E9957C01EF4448B006452D5 /* Used */ = {
			isa = PBXGroup;
			children = (
				6E1E4BC31EE03A0100C65683 /* EditGoal.storyboard */,
				BF762CBF1ED47336004E423B /* SelectGoalDatetime.storyboard */,
				BF762CA41ED47320004E423B /* CreateGoal.storyboard */,
				BF762CAB1ED47320004E423B /* GoalOptions.storyboard */,
				BF762CAE1ED47320004E423B /* HomeGoal.storyboard */,
			);
			name = Used;
			sourceTree = "<group>";
		};
		6E9957C11EF4466B006452D5 /* Used */ = {
			isa = PBXGroup;
			children = (
				6E1E4BC71EE03A0100C65683 /* EditGoalViewController.swift */,
				BF762CC01ED47336004E423B /* SelectGoalDatetime.swift */,
				BF762CAC1ED47320004E423B /* GoalOptions.swift */,
				BF762CA51ED47320004E423B /* CreateGoal.swift */,
				BF762CAF1ED47320004E423B /* HomeGoal.swift */,
			);
			name = Used;
			sourceTree = "<group>";
		};
		6EB66E861EB8F9CB00A16F1D /* Calendar */ = {
			isa = PBXGroup;
			children = (
				BF77E4E41EC394A9007845B2 /* ActivityTableViewCell.swift */,
				BF77E4EB1EC394A9007845B2 /* CalendarCell.swift */,
				BF762CA71ED47320004E423B /* EditActivityController.swift */,
				6EB66EA51EB9174D00A16F1D /* DayActivityTableViewCell.swift */,
				BF77E4DC1EC394A9007845B2 /* CalendarViewController.swift */,
				BF77E4DE1EC394A9007845B2 /* DailyCalendarViewController.swift */,
			);
			name = Calendar;
			sourceTree = "<group>";
		};
		6EB66E871EB8F9DC00A16F1D /* Calendar */ = {
			isa = PBXGroup;
			children = (
				BF77E4E51EC394A9007845B2 /* ActivityTableViewCell.xib */,
				6EB66EA61EB9174D00A16F1D /* DayActivityTableViewCell.xib */,
				BF762CA61ED47320004E423B /* EditActivity.storyboard */,
				BF77E4CA1EC394A9007845B2 /* Calendar.storyboard */,
			);
			name = Calendar;
			sourceTree = "<group>";
		};
		6EEBE0291EF56EF1000D3E1F /* Used */ = {
			isa = PBXGroup;
			children = (
				6E1E4BC81EE03A0100C65683 /* EditSubject.storyboard */,
				BF762CD61ED4769A004E423B /* SelectSubjectColor.storyboard */,
				BF762CCF1ED47686004E423B /* CreateTeacher.storyboard */,
				BF77E4CB1EC394A9007845B2 /* CreateSubject.storyboard */,
				6E1E4BF31EE03A0D00C65683 /* SubjectFaults.storyboard */,
				D4142BCA1EE76350005AA7F5 /* HomeTasks.storyboard */,
				BF77E4CE1EC394A9007845B2 /* HomeSubject.storyboard */,
			);
			name = Used;
			sourceTree = "<group>";
		};
		6EEBE02A1EF56EFD000D3E1F /* Used */ = {
			isa = PBXGroup;
			children = (
				BF762CC11ED47336004E423B /* ShowSubjectsActivity.swift */,
				6E1E4BF41EE03A0D00C65683 /* SubjectFaultsViewController.swift */,
				6E1E4BCF1EE03A0100C65683 /* EditSubjectViewController.swift */,
				BF762CD71ED4769A004E423B /* SelectSubjectColorViewController.swift */,
				BF762CD01ED47686004E423B /* CreateTeacherViewController.swift */,
				BF77E4CC1EC394A9007845B2 /* CreateSubject.swift */,
				BF77E4CF1EC394A9007845B2 /* HomeSubject.swift */,
			);
			name = Used;
			sourceTree = "<group>";
		};
		ADD876AF1EAF897500C45032 /* Controller */ = {
			isa = PBXGroup;
			children = (
				6E1E4C011EE04F0600C65683 /* Notes */,
				BF762CE01ED47DB1004E423B /* MissedClasses */,
				BF1C9D421EC4F0ED00707BFF /* Goal */,
				BF1C9D401EC4F02900707BFF /* DoneAndPostPoned */,
				BF1C9D3D1EC4EEE800707BFF /* OnBoarding */,
				6EB66E861EB8F9CB00A16F1D /* Calendar */,
				ADD876BA1EAF8B7200C45032 /* Reminder */,
				ADD876B81EAF8AF600C45032 /* Note */,
				ADD876B71EAF8AEA00C45032 /* Subject */,
			);
			name = Controller;
			sourceTree = "<group>";
		};
		ADD876B01EAF898000C45032 /* View */ = {
			isa = PBXGroup;
			children = (
				6E1E4C001EE04E9D00C65683 /* Notes */,
				BF762CE11ED47DDB004E423B /* MissedClasses */,
				BF1C9D411EC4F0B500707BFF /* DoneAndPostponed */,
				BF1C9D3C1EC4EEBC00707BFF /* OnBoarding */,
				BF1C9D3B1EC4EEA100707BFF /* Goal */,
				BF1C9D3A1EC4EE5F00707BFF /* Subject */,
				6EB66E871EB8F9DC00A16F1D /* Calendar */,
				ADD876BB1EAF8B9F00C45032 /* Reminder */,
			);
			name = View;
			sourceTree = "<group>";
		};
		ADD876B71EAF8AEA00C45032 /* Subject */ = {
			isa = PBXGroup;
			children = (
				6EEBE02A1EF56EFD000D3E1F /* Used */,
				BF77E4D81EC394A9007845B2 /* SubjectTableViewCell.swift */,
				BF762CCE1ED47686004E423B /* ColorsCollectionViewCell.swift */,
				BF77E4ED1EC394A9007845B2 /* ChooseSubjectController.swift */,
				6E1E4BCA1EE03A0100C65683 /* EditSubjectTableViewCell.swift */,
				BF77E4D71EC394A9007845B2 /* SubjectCreated.swift */,
				BF77E4D41EC394A9007845B2 /* SingletonSubject.swift */,
			);
			name = Subject;
			sourceTree = "<group>";
		};
		ADD876B81EAF8AF600C45032 /* Note */ = {
			isa = PBXGroup;
			children = (
				ADD876B31EAF8A6600C45032 /* CreateNoteViewController.swift */,
			);
			name = Note;
			sourceTree = "<group>";
		};
		ADD876BA1EAF8B7200C45032 /* Reminder */ = {
			isa = PBXGroup;
			children = (
				BF77E5161EC394A9007845B2 /* SingletonDayActivity.swift */,
				BF77E4EF1EC394A9007845B2 /* ControllerPList.swift */,
				BF77E4DF1EC394A9007845B2 /* DatePickViewController.swift */,
				BF77E4D31EC394A9007845B2 /* SingletonActivity.swift */,
				BF77E4DB1EC394A9007845B2 /* AddTitleController.swift */,
			);
			name = Reminder;
			sourceTree = "<group>";
		};
		ADD876BB1EAF8B9F00C45032 /* Reminder */ = {
			isa = PBXGroup;
			children = (
				BF77E4D21EC394A9007845B2 /* Reminders.storyboard */,
			);
			name = Reminder;
			sourceTree = "<group>";
		};
		BF1C9D391EC4EDEB00707BFF /* Delegate */ = {
			isa = PBXGroup;
			children = (
				6E15E5141EA6B8130027AAFD /* AppDelegate.swift */,
			);
			name = Delegate;
			sourceTree = "<group>";
		};
		BF1C9D3A1EC4EE5F00707BFF /* Subject */ = {
			isa = PBXGroup;
			children = (
				6EEBE0291EF56EF1000D3E1F /* Used */,
				BF77E4D61EC394A9007845B2 /* SubjectCreated.storyboard */,
			);
			name = Subject;
			sourceTree = "<group>";
		};
		BF1C9D3B1EC4EEA100707BFF /* Goal */ = {
			isa = PBXGroup;
			children = (
				6E9957C01EF4448B006452D5 /* Used */,
				6E1E4BBC1EE03A0100C65683 /* CreateGeolocalizatedNotification.storyboard */,
				BF762CD81ED4769A004E423B /* SelectWhereToNotify.storyboard */,
				BF762CD41ED4769A004E423B /* SelectDate.storyboard */,
				BF77E4CD1EC394A9007845B2 /* Goal.storyboard */,
				BF762CA91ED47320004E423B /* GoalCreated.storyboard */,
			);
			name = Goal;
			sourceTree = "<group>";
		};
		BF1C9D3C1EC4EEBC00707BFF /* OnBoarding */ = {
			isa = PBXGroup;
			children = (
				BF77E4D01EC394A9007845B2 /* Onboarding.storyboard */,
			);
			name = OnBoarding;
			sourceTree = "<group>";
		};
		BF1C9D3D1EC4EEE800707BFF /* OnBoarding */ = {
			isa = PBXGroup;
			children = (
				BF77E4D11EC394A9007845B2 /* OnboardingViewController.swift */,
			);
			name = OnBoarding;
			sourceTree = "<group>";
		};
		BF1C9D401EC4F02900707BFF /* DoneAndPostPoned */ = {
			isa = PBXGroup;
			children = (
				BF77E4E11EC394A9007845B2 /* DoneAndPostponedActivitiesTableViewCell.swift */,
				BF77E4E21EC394A9007845B2 /* DoneAndPostponedActivitiesViewController.swift */,
			);
			name = DoneAndPostPoned;
			sourceTree = "<group>";
		};
		BF1C9D411EC4F0B500707BFF /* DoneAndPostponed */ = {
			isa = PBXGroup;
			children = (
				BF77E4E01EC394A9007845B2 /* DoneAndPostponedActivities.storyboard */,
				BF77E4F21EC394A9007845B2 /* DoneAndPostponedActivitiesTableViewCell.xib */,
			);
			name = DoneAndPostponed;
			sourceTree = "<group>";
		};
		BF1C9D421EC4F0ED00707BFF /* Goal */ = {
			isa = PBXGroup;
			children = (
				6E9957C11EF4466B006452D5 /* Used */,
				6E1E4BBD1EE03A0100C65683 /* CreateGeolocalizatedNotificationViewController.swift */,
				6E1E4BC41EE03A0100C65683 /* EditGoalTableViewCell.swift */,
				BF762CD91ED4769A004E423B /* SelectWhereToNotifyViewController.swift */,
				BF762CAD1ED47320004E423B /* GoalService.swift */,
				BF77E4FA1EC394A9007845B2 /* HomeGoalViewController.swift */,
				BF762CD51ED4769A004E423B /* SelectGoalDateViewController.swift */,
				BF762CAA1ED47320004E423B /* GoalCreated.swift */,
			);
			name = Goal;
			sourceTree = "<group>";
		};
		BF1C9D431EC4F12500707BFF /* DataModel */ = {
			isa = PBXGroup;
			children = (
				6E15E51B1EA6B8130027AAFD /* MiniChallenge.xcdatamodeld */,
			);
			name = DataModel;
			sourceTree = "<group>";
		};
		BF1C9D441EC4F1E100707BFF /* Resources */ = {
			isa = PBXGroup;
			children = (
				6E15E5231EA6B8130027AAFD /* Info.plist */,
				BF762CCC1ED47532004E423B /* Assets.xcassets */,
				BF1C9D451EC4F1EC00707BFF /* Fonts */,
			);
			name = Resources;
			sourceTree = "<group>";
		};
		BF1C9D451EC4F1EC00707BFF /* Fonts */ = {
			isa = PBXGroup;
			children = (
				BF77E5001EC394A9007845B2 /* SF-UI-Display-Black.otf */,
				BF77E5011EC394A9007845B2 /* SF-UI-Display-Bold.otf */,
				BF77E5021EC394A9007845B2 /* SF-UI-Display-Heavy.otf */,
				BF77E5031EC394A9007845B2 /* SF-UI-Display-Light.otf */,
				BF77E5041EC394A9007845B2 /* SF-UI-Display-Medium.otf */,
				BF77E5051EC394A9007845B2 /* SF-UI-Display-Regular.otf */,
				BF77E5061EC394A9007845B2 /* SF-UI-Display-Semibold.otf */,
				BF77E5071EC394A9007845B2 /* SF-UI-Display-Thin.otf */,
				BF77E5081EC394A9007845B2 /* SF-UI-Display-Ultralight.otf */,
				BF77E5091EC394A9007845B2 /* SF-UI-Text-Bold.otf */,
				BF77E50A1EC394A9007845B2 /* SF-UI-Text-BoldItalic.otf */,
				BF77E50B1EC394A9007845B2 /* SF-UI-Text-Heavy.otf */,
				BF77E50C1EC394A9007845B2 /* SF-UI-Text-HeavyItalic.otf */,
				BF77E50D1EC394A9007845B2 /* SF-UI-Text-Light.otf */,
				BF77E50E1EC394A9007845B2 /* SF-UI-Text-LightItalic.otf */,
				BF77E50F1EC394A9007845B2 /* SF-UI-Text-Medium.otf */,
				BF77E5101EC394A9007845B2 /* SF-UI-Text-MediumItalic.otf */,
				BF77E5111EC394A9007845B2 /* SF-UI-Text-Regular.otf */,
				BF77E5121EC394A9007845B2 /* SF-UI-Text-RegularItalic.otf */,
				BF77E5131EC394A9007845B2 /* SF-UI-Text-Semibold.otf */,
				BF77E5141EC394A9007845B2 /* SF-UI-Text-SemiboldItalic.otf */,
			);
			name = Fonts;
			sourceTree = "<group>";
		};
		BF762CE01ED47DB1004E423B /* MissedClasses */ = {
			isa = PBXGroup;
			children = (
				BF762CA81ED47320004E423B /* GoalCellsTableViewCell.swift */,
				BF762CBD1ED47336004E423B /* MissedClassViewController.swift */,
			);
			name = MissedClasses;
			sourceTree = "<group>";
		};
		BF762CE11ED47DDB004E423B /* MissedClasses */ = {
			isa = PBXGroup;
			children = (
				BF762CBC1ED47335004E423B /* MissedClasses.storyboard */,
			);
			name = MissedClasses;
			sourceTree = "<group>";
		};
/* End PBXGroup section */

/* Begin PBXNativeTarget section */
		6E15E5101EA6B8130027AAFD /* MiniChallenge */ = {
			isa = PBXNativeTarget;
			buildConfigurationList = 6E15E5261EA6B8130027AAFD /* Build configuration list for PBXNativeTarget "MiniChallenge" */;
			buildPhases = (
				AF5456B5F2BE2194E01BBAA4 /* [CP] Check Pods Manifest.lock */,
				6E15E50D1EA6B8130027AAFD /* Sources */,
				6E15E50E1EA6B8130027AAFD /* Frameworks */,
				6E15E50F1EA6B8130027AAFD /* Resources */,
				2F93E89F54F4876FB6224286 /* [CP] Embed Pods Frameworks */,
				EAF6C6A3E159CF06557E6A8A /* [CP] Copy Pods Resources */,
			);
			buildRules = (
			);
			dependencies = (
			);
			name = MiniChallenge;
			productName = MiniChallenge;
			productReference = 6E15E5111EA6B8130027AAFD /* MiniChallenge.app */;
			productType = "com.apple.product-type.application";
		};
/* End PBXNativeTarget section */

/* Begin PBXProject section */
		6E15E5091EA6B8130027AAFD /* Project object */ = {
			isa = PBXProject;
			attributes = {
				LastSwiftUpdateCheck = 0830;
				LastUpgradeCheck = 0830;
				ORGANIZATIONNAME = "Luis Gustavo Avelino de Lima Jacinto";
				TargetAttributes = {
					6E15E5101EA6B8130027AAFD = {
						CreatedOnToolsVersion = 8.3.1;
						DevelopmentTeam = A93689JNSR;
						ProvisioningStyle = Automatic;
						SystemCapabilities = {
							com.apple.Push = {
								enabled = 0;
							};
						};
					};
				};
			};
			buildConfigurationList = 6E15E50C1EA6B8130027AAFD /* Build configuration list for PBXProject "MiniChallenge" */;
			compatibilityVersion = "Xcode 3.2";
			developmentRegion = English;
			hasScannedForEncodings = 0;
			knownRegions = (
				en,
				Base,
			);
			mainGroup = 6E15E5081EA6B8130027AAFD;
			productRefGroup = 6E15E5121EA6B8130027AAFD /* Products */;
			projectDirPath = "";
			projectRoot = "";
			targets = (
				6E15E5101EA6B8130027AAFD /* MiniChallenge */,
			);
		};
/* End PBXProject section */

/* Begin PBXResourcesBuildPhase section */
		6E15E50F1EA6B8130027AAFD /* Resources */ = {
			isa = PBXResourcesBuildPhase;
			buildActionMask = 2147483647;
			files = (
				BF77E5221EC394A9007845B2 /* Onboarding.storyboard in Resources */,
				BF762CDC1ED4769A004E423B /* SelectSubjectColor.storyboard in Resources */,
				BF77E5581EC394A9007845B2 /* SF-UI-Display-Thin.otf in Resources */,
				BF762CB71ED47320004E423B /* GoalOptions.storyboard in Resources */,
				BF77E5641EC394A9007845B2 /* SF-UI-Text-Semibold.otf in Resources */,
				BF77E51D1EC394A9007845B2 /* CreateSubject.storyboard in Resources */,
				6E1E4BDF1EE03A0100C65683 /* EditSubject.storyboard in Resources */,
				6E1E4BDA1EE03A0100C65683 /* EditGoal.storyboard in Resources */,
				BF77E55B1EC394A9007845B2 /* SF-UI-Text-BoldItalic.otf in Resources */,
				BF77E5441EC394A9007845B2 /* DoneAndPostponedActivitiesTableViewCell.xib in Resources */,
				BF77E5561EC394A9007845B2 /* SF-UI-Display-Regular.otf in Resources */,
				BF77E55E1EC394A9007845B2 /* SF-UI-Text-Light.otf in Resources */,
				BF77E55F1EC394A9007845B2 /* SF-UI-Text-LightItalic.otf in Resources */,
				6E1E4BF81EE03A0D00C65683 /* PresentNotes.storyboard in Resources */,
				6E1E4BFE1EE03A0D00C65683 /* SubjectFaults.storyboard in Resources */,
				6E1E4BD31EE03A0100C65683 /* CreateGeolocalizatedNotification.storyboard in Resources */,
				BF77E5591EC394A9007845B2 /* SF-UI-Display-Ultralight.otf in Resources */,
				BF77E5371EC394A9007845B2 /* ActivityTableViewCell.xib in Resources */,
				6E1E4BF51EE03A0D00C65683 /* NoteCreated.storyboard in Resources */,
				BF77E5621EC394A9007845B2 /* SF-UI-Text-Regular.otf in Resources */,
				BF77E5321EC394A9007845B2 /* DoneAndPostponedActivities.storyboard in Resources */,
				BF762CCD1ED47532004E423B /* Assets.xcassets in Resources */,
				BF77E5541EC394A9007845B2 /* SF-UI-Display-Light.otf in Resources */,
				D4142BCB1EE76350005AA7F5 /* HomeTasks.storyboard in Resources */,
				BF762CC41ED47336004E423B /* MissedClasses.storyboard in Resources */,
				BF762CB21ED47320004E423B /* EditActivity.storyboard in Resources */,
				BF77E51C1EC394A9007845B2 /* Calendar.storyboard in Resources */,
				6E1E4BD51EE03A0100C65683 /* CreateNote.storyboard in Resources */,
				BF77E5601EC394A9007845B2 /* SF-UI-Text-Medium.otf in Resources */,
				BF762CC71ED47336004E423B /* SelectGoalDatetime.storyboard in Resources */,
				BF762CD21ED47686004E423B /* CreateTeacher.storyboard in Resources */,
				BF762CDE1ED4769A004E423B /* SelectWhereToNotify.storyboard in Resources */,
				BF77E55D1EC394A9007845B2 /* SF-UI-Text-HeavyItalic.otf in Resources */,
				BF77E5201EC394A9007845B2 /* HomeSubject.storyboard in Resources */,
				BF77E5631EC394A9007845B2 /* SF-UI-Text-RegularItalic.otf in Resources */,
				BF762CBA1ED47320004E423B /* HomeGoal.storyboard in Resources */,
				BF77E55A1EC394A9007845B2 /* SF-UI-Text-Bold.otf in Resources */,
				BF77E5281EC394A9007845B2 /* SubjectCreated.storyboard in Resources */,
				BF77E5551EC394A9007845B2 /* SF-UI-Display-Medium.otf in Resources */,
				6E1E4BD61EE03A0100C65683 /* CreateNoteContent.storyboard in Resources */,
				BF77E5611EC394A9007845B2 /* SF-UI-Text-MediumItalic.otf in Resources */,
				BF77E5571EC394A9007845B2 /* SF-UI-Display-Semibold.otf in Resources */,
				6E1E4BD81EE03A0100C65683 /* CreateNoteTitle.storyboard in Resources */,
				BF762CDA1ED4769A004E423B /* SelectDate.storyboard in Resources */,
				BF77E5511EC394A9007845B2 /* SF-UI-Display-Black.otf in Resources */,
				6E1E4BE71EE03A0100C65683 /* HomeNotes.storyboard in Resources */,
				BF77E5651EC394A9007845B2 /* SF-UI-Text-SemiboldItalic.otf in Resources */,
				BF77E5531EC394A9007845B2 /* SF-UI-Display-Heavy.otf in Resources */,
				BF77E55C1EC394A9007845B2 /* SF-UI-Text-Heavy.otf in Resources */,
				6E1E4BFA1EE03A0D00C65683 /* showNotes.storyboard in Resources */,
				BF77E51F1EC394A9007845B2 /* Goal.storyboard in Resources */,
				BF77E5521EC394A9007845B2 /* SF-UI-Display-Bold.otf in Resources */,
				BF77E5241EC394A9007845B2 /* Reminders.storyboard in Resources */,
				6EB66EA81EB9174D00A16F1D /* DayActivityTableViewCell.xib in Resources */,
				BF762CB51ED47320004E423B /* GoalCreated.storyboard in Resources */,
				BF762CB01ED47320004E423B /* CreateGoal.storyboard in Resources */,
			);
			runOnlyForDeploymentPostprocessing = 0;
		};
/* End PBXResourcesBuildPhase section */

/* Begin PBXShellScriptBuildPhase section */
		2F93E89F54F4876FB6224286 /* [CP] Embed Pods Frameworks */ = {
			isa = PBXShellScriptBuildPhase;
			buildActionMask = 2147483647;
			files = (
			);
			inputPaths = (
			);
			name = "[CP] Embed Pods Frameworks";
			outputPaths = (
			);
			runOnlyForDeploymentPostprocessing = 0;
			shellPath = /bin/sh;
			shellScript = "\"${SRCROOT}/Pods/Target Support Files/Pods-MiniChallenge/Pods-MiniChallenge-frameworks.sh\"\n";
			showEnvVarsInLog = 0;
		};
		AF5456B5F2BE2194E01BBAA4 /* [CP] Check Pods Manifest.lock */ = {
			isa = PBXShellScriptBuildPhase;
			buildActionMask = 2147483647;
			files = (
			);
			inputPaths = (
			);
			name = "[CP] Check Pods Manifest.lock";
			outputPaths = (
			);
			runOnlyForDeploymentPostprocessing = 0;
			shellPath = /bin/sh;
			shellScript = "diff \"${PODS_PODFILE_DIR_PATH}/Podfile.lock\" \"${PODS_ROOT}/Manifest.lock\" > /dev/null\nif [ $? != 0 ] ; then\n    # print error to STDERR\n    echo \"error: The sandbox is not in sync with the Podfile.lock. Run 'pod install' or update your CocoaPods installation.\" >&2\n    exit 1\nfi\n";
			showEnvVarsInLog = 0;
		};
		EAF6C6A3E159CF06557E6A8A /* [CP] Copy Pods Resources */ = {
			isa = PBXShellScriptBuildPhase;
			buildActionMask = 2147483647;
			files = (
			);
			inputPaths = (
			);
			name = "[CP] Copy Pods Resources";
			outputPaths = (
			);
			runOnlyForDeploymentPostprocessing = 0;
			shellPath = /bin/sh;
			shellScript = "\"${SRCROOT}/Pods/Target Support Files/Pods-MiniChallenge/Pods-MiniChallenge-resources.sh\"\n";
			showEnvVarsInLog = 0;
		};
/* End PBXShellScriptBuildPhase section */

/* Begin PBXSourcesBuildPhase section */
		6E15E50D1EA6B8130027AAFD /* Sources */ = {
			isa = PBXSourcesBuildPhase;
			buildActionMask = 2147483647;
			files = (
				BF762CB41ED47320004E423B /* GoalCellsTableViewCell.swift in Sources */,
				BF762CB31ED47320004E423B /* EditActivityController.swift in Sources */,
				BF77E5411EC394A9007845B2 /* ControllerPList.swift in Sources */,
				6E1E4BFB1EE03A0D00C65683 /* ShowNotesTableViewCell.swift in Sources */,
				BF77E52E1EC394A9007845B2 /* CalendarViewController.swift in Sources */,
				BF77E52A1EC394A9007845B2 /* SubjectTableViewCell.swift in Sources */,
				BF762CBB1ED47320004E423B /* HomeGoal.swift in Sources */,
				6E1E4BF91EE03A0D00C65683 /* PresentNotesViewController.swift in Sources */,
				BF762CDD1ED4769A004E423B /* SelectSubjectColorViewController.swift in Sources */,
				BF77E5311EC394A9007845B2 /* DatePickViewController.swift in Sources */,
				BF77E5671EC394A9007845B2 /* SingletonDayActivity.swift in Sources */,
				BF77E5361EC394A9007845B2 /* ActivityTableViewCell.swift in Sources */,
				BF762CC81ED47336004E423B /* SelectGoalDatetime.swift in Sources */,
				6E1E4BF71EE03A0D00C65683 /* NoteService.swift in Sources */,
				BF762CB81ED47320004E423B /* GoalOptions.swift in Sources */,
				ADD876B41EAF8A6600C45032 /* CreateNoteViewController.swift in Sources */,
				6E1E4BFF1EE03A0D00C65683 /* SubjectFaultsViewController.swift in Sources */,
				6EB66EA71EB9174D00A16F1D /* DayActivityTableViewCell.swift in Sources */,
				BF762CCA1ED47336004E423B /* SingletonPassedDate.swift in Sources */,
				6E1E4BD41EE03A0100C65683 /* CreateGeolocalizatedNotificationViewController.swift in Sources */,
				6E1E4BD91EE03A0100C65683 /* CreateNoteTitleViewController.swift in Sources */,
				6E1E4BE91EE03A0100C65683 /* HomeNotesViewController.swift in Sources */,
				BF762CB61ED47320004E423B /* GoalCreated.swift in Sources */,
				BF762CC51ED47336004E423B /* MissedClassViewController.swift in Sources */,
				BF762CDF1ED4769A004E423B /* SelectWhereToNotifyViewController.swift in Sources */,
				6E1E4BE81EE03A0100C65683 /* HomeNotesTableViewCell.swift in Sources */,
				6E1E4BFC1EE03A0D00C65683 /* ShowNotesViewController.swift in Sources */,
				6E15E52F1EA6CC8E0027AAFD /* Teacher.swift in Sources */,
				6E1E4BD71EE03A0100C65683 /* CreateNoteContentViewController.swift in Sources */,
				BF77E5331EC394A9007845B2 /* DoneAndPostponedActivitiesTableViewCell.swift in Sources */,
				BF762CC91ED47336004E423B /* ShowSubjectsActivity.swift in Sources */,
				BF762CB11ED47320004E423B /* CreateGoal.swift in Sources */,
				BF77E5301EC394A9007845B2 /* DailyCalendarViewController.swift in Sources */,
				6E1E4BDB1EE03A0100C65683 /* EditGoalTableViewCell.swift in Sources */,
				6E15E52C1EA6CB9D0027AAFD /* Note.swift in Sources */,
				BF762CD11ED47686004E423B /* ColorsCollectionViewCell.swift in Sources */,
				6E15E52A1EA6B9B30027AAFD /* Subject.swift in Sources */,
				BF77E5341EC394A9007845B2 /* DoneAndPostponedActivitiesViewController.swift in Sources */,
				6E15E51D1EA6B8130027AAFD /* MiniChallenge.xcdatamodeld in Sources */,
				BF77E51E1EC394A9007845B2 /* CreateSubject.swift in Sources */,
				BF77E5211EC394A9007845B2 /* HomeSubject.swift in Sources */,
				BF77E53D1EC394A9007845B2 /* CalendarCell.swift in Sources */,
				6E1E4BE61EE03A0100C65683 /* EditSubjectViewController.swift in Sources */,
				BF762CB91ED47320004E423B /* GoalService.swift in Sources */,
				6E15E5151EA6B8130027AAFD /* AppDelegate.swift in Sources */,
				BF77E52D1EC394A9007845B2 /* AddTitleController.swift in Sources */,
				6E1E4BE11EE03A0100C65683 /* EditSubjectTableViewCell.swift in Sources */,
				6E1E4BF61EE03A0D00C65683 /* NoteCreatedViewController.swift in Sources */,
				BF77E5231EC394A9007845B2 /* OnboardingViewController.swift in Sources */,
				BF77E56C1EC394A9007845B2 /* User.swift in Sources */,
				BF77E53F1EC394A9007845B2 /* ChooseSubjectController.swift in Sources */,
				D4C9889D1EA7DF4F008DC591 /* Reminder.swift in Sources */,
				BF77E5291EC394A9007845B2 /* SubjectCreated.swift in Sources */,
				BF77E5261EC394A9007845B2 /* SingletonSubject.swift in Sources */,
				BF77E5251EC394A9007845B2 /* SingletonActivity.swift in Sources */,
				BF762CD31ED47686004E423B /* CreateTeacherViewController.swift in Sources */,
				D4C988981EA7D33B008DC591 /* Goal.swift in Sources */,
				BF77E54C1EC394A9007845B2 /* HomeGoalViewController.swift in Sources */,
				BF762CDB1ED4769A004E423B /* SelectGoalDateViewController.swift in Sources */,
				6E1E4BDE1EE03A0100C65683 /* EditGoalViewController.swift in Sources */,
			);
			runOnlyForDeploymentPostprocessing = 0;
		};
/* End PBXSourcesBuildPhase section */

/* Begin XCBuildConfiguration section */
		6E15E5241EA6B8130027AAFD /* Debug */ = {
			isa = XCBuildConfiguration;
			buildSettings = {
				ALWAYS_SEARCH_USER_PATHS = NO;
				CLANG_ANALYZER_NONNULL = YES;
				CLANG_ANALYZER_NUMBER_OBJECT_CONVERSION = YES_AGGRESSIVE;
				CLANG_CXX_LANGUAGE_STANDARD = "gnu++0x";
				CLANG_CXX_LIBRARY = "libc++";
				CLANG_ENABLE_MODULES = YES;
				CLANG_ENABLE_OBJC_ARC = YES;
				CLANG_WARN_BOOL_CONVERSION = YES;
				CLANG_WARN_CONSTANT_CONVERSION = YES;
				CLANG_WARN_DIRECT_OBJC_ISA_USAGE = YES_ERROR;
				CLANG_WARN_DOCUMENTATION_COMMENTS = YES;
				CLANG_WARN_EMPTY_BODY = YES;
				CLANG_WARN_ENUM_CONVERSION = YES;
				CLANG_WARN_INFINITE_RECURSION = YES;
				CLANG_WARN_INT_CONVERSION = YES;
				CLANG_WARN_OBJC_ROOT_CLASS = YES_ERROR;
				CLANG_WARN_SUSPICIOUS_MOVE = YES;
				CLANG_WARN_UNREACHABLE_CODE = YES;
				CLANG_WARN__DUPLICATE_METHOD_MATCH = YES;
				"CODE_SIGN_IDENTITY[sdk=iphoneos*]" = "iPhone Developer";
				COPY_PHASE_STRIP = NO;
				DEBUG_INFORMATION_FORMAT = dwarf;
				ENABLE_STRICT_OBJC_MSGSEND = YES;
				ENABLE_TESTABILITY = YES;
				GCC_C_LANGUAGE_STANDARD = gnu99;
				GCC_DYNAMIC_NO_PIC = NO;
				GCC_NO_COMMON_BLOCKS = YES;
				GCC_OPTIMIZATION_LEVEL = 0;
				GCC_PREPROCESSOR_DEFINITIONS = (
					"DEBUG=1",
					"$(inherited)",
				);
				GCC_WARN_64_TO_32_BIT_CONVERSION = YES;
				GCC_WARN_ABOUT_RETURN_TYPE = YES_ERROR;
				GCC_WARN_UNDECLARED_SELECTOR = YES;
				GCC_WARN_UNINITIALIZED_AUTOS = YES_AGGRESSIVE;
				GCC_WARN_UNUSED_FUNCTION = YES;
				GCC_WARN_UNUSED_VARIABLE = YES;
				IPHONEOS_DEPLOYMENT_TARGET = 10.3;
				MTL_ENABLE_DEBUG_INFO = YES;
				ONLY_ACTIVE_ARCH = YES;
				SDKROOT = iphoneos;
				SWIFT_ACTIVE_COMPILATION_CONDITIONS = DEBUG;
				SWIFT_OPTIMIZATION_LEVEL = "-Onone";
			};
			name = Debug;
		};
		6E15E5251EA6B8130027AAFD /* Release */ = {
			isa = XCBuildConfiguration;
			buildSettings = {
				ALWAYS_SEARCH_USER_PATHS = NO;
				CLANG_ANALYZER_NONNULL = YES;
				CLANG_ANALYZER_NUMBER_OBJECT_CONVERSION = YES_AGGRESSIVE;
				CLANG_CXX_LANGUAGE_STANDARD = "gnu++0x";
				CLANG_CXX_LIBRARY = "libc++";
				CLANG_ENABLE_MODULES = YES;
				CLANG_ENABLE_OBJC_ARC = YES;
				CLANG_WARN_BOOL_CONVERSION = YES;
				CLANG_WARN_CONSTANT_CONVERSION = YES;
				CLANG_WARN_DIRECT_OBJC_ISA_USAGE = YES_ERROR;
				CLANG_WARN_DOCUMENTATION_COMMENTS = YES;
				CLANG_WARN_EMPTY_BODY = YES;
				CLANG_WARN_ENUM_CONVERSION = YES;
				CLANG_WARN_INFINITE_RECURSION = YES;
				CLANG_WARN_INT_CONVERSION = YES;
				CLANG_WARN_OBJC_ROOT_CLASS = YES_ERROR;
				CLANG_WARN_SUSPICIOUS_MOVE = YES;
				CLANG_WARN_UNREACHABLE_CODE = YES;
				CLANG_WARN__DUPLICATE_METHOD_MATCH = YES;
				"CODE_SIGN_IDENTITY[sdk=iphoneos*]" = "iPhone Developer";
				COPY_PHASE_STRIP = NO;
				DEBUG_INFORMATION_FORMAT = "dwarf-with-dsym";
				ENABLE_NS_ASSERTIONS = NO;
				ENABLE_STRICT_OBJC_MSGSEND = YES;
				GCC_C_LANGUAGE_STANDARD = gnu99;
				GCC_NO_COMMON_BLOCKS = YES;
				GCC_WARN_64_TO_32_BIT_CONVERSION = YES;
				GCC_WARN_ABOUT_RETURN_TYPE = YES_ERROR;
				GCC_WARN_UNDECLARED_SELECTOR = YES;
				GCC_WARN_UNINITIALIZED_AUTOS = YES_AGGRESSIVE;
				GCC_WARN_UNUSED_FUNCTION = YES;
				GCC_WARN_UNUSED_VARIABLE = YES;
				IPHONEOS_DEPLOYMENT_TARGET = 10.3;
				MTL_ENABLE_DEBUG_INFO = NO;
				SDKROOT = iphoneos;
				SWIFT_OPTIMIZATION_LEVEL = "-Owholemodule";
				VALIDATE_PRODUCT = YES;
			};
			name = Release;
		};
		6E15E5271EA6B8130027AAFD /* Debug */ = {
			isa = XCBuildConfiguration;
			baseConfigurationReference = 13E560A381673CA9CEE1D9E2 /* Pods-MiniChallenge.debug.xcconfig */;
			buildSettings = {
				ASSETCATALOG_COMPILER_APPICON_NAME = AppIcon;
				DEVELOPMENT_TEAM = A93689JNSR;
				INFOPLIST_FILE = MiniChallenge/Info.plist;
				LD_RUNPATH_SEARCH_PATHS = "$(inherited) @executable_path/Frameworks";
				PRODUCT_BUNDLE_IDENTIFIER = br.com.bepiducb.MiniChallenge;
				PRODUCT_NAME = "$(TARGET_NAME)";
				SWIFT_VERSION = 3.0;
				TARGETED_DEVICE_FAMILY = 1;
			};
			name = Debug;
		};
		6E15E5281EA6B8130027AAFD /* Release */ = {
			isa = XCBuildConfiguration;
			baseConfigurationReference = 774B8E3577BCA297B347D437 /* Pods-MiniChallenge.release.xcconfig */;
			buildSettings = {
				ASSETCATALOG_COMPILER_APPICON_NAME = AppIcon;
				DEVELOPMENT_TEAM = A93689JNSR;
				INFOPLIST_FILE = MiniChallenge/Info.plist;
				LD_RUNPATH_SEARCH_PATHS = "$(inherited) @executable_path/Frameworks";
				PRODUCT_BUNDLE_IDENTIFIER = br.com.bepiducb.MiniChallenge;
				PRODUCT_NAME = "$(TARGET_NAME)";
				SWIFT_VERSION = 3.0;
				TARGETED_DEVICE_FAMILY = 1;
			};
			name = Release;
		};
/* End XCBuildConfiguration section */

/* Begin XCConfigurationList section */
		6E15E50C1EA6B8130027AAFD /* Build configuration list for PBXProject "MiniChallenge" */ = {
			isa = XCConfigurationList;
			buildConfigurations = (
				6E15E5241EA6B8130027AAFD /* Debug */,
				6E15E5251EA6B8130027AAFD /* Release */,
			);
			defaultConfigurationIsVisible = 0;
			defaultConfigurationName = Release;
		};
		6E15E5261EA6B8130027AAFD /* Build configuration list for PBXNativeTarget "MiniChallenge" */ = {
			isa = XCConfigurationList;
			buildConfigurations = (
				6E15E5271EA6B8130027AAFD /* Debug */,
				6E15E5281EA6B8130027AAFD /* Release */,
			);
			defaultConfigurationIsVisible = 0;
			defaultConfigurationName = Release;
		};
/* End XCConfigurationList section */

/* Begin XCVersionGroup section */
		6E15E51B1EA6B8130027AAFD /* MiniChallenge.xcdatamodeld */ = {
			isa = XCVersionGroup;
			children = (
				6E15E51C1EA6B8130027AAFD /* MiniChallenge.xcdatamodel */,
			);
			currentVersion = 6E15E51C1EA6B8130027AAFD /* MiniChallenge.xcdatamodel */;
			path = MiniChallenge.xcdatamodeld;
			sourceTree = "<group>";
			versionGroupType = wrapper.xcdatamodel;
		};
/* End XCVersionGroup section */
	};
	rootObject = 6E15E5091EA6B8130027AAFD /* Project object */;
}
